// !$*UTF8*$!
{
	archiveVersion = 1;
	classes = {
	};
	objectVersion = 46;
	objects = {

/* Begin PBXBuildFile section */
		0012DC49789395C1160815BE /* libPods-NRShopSugerLib.a in Frameworks */ = {isa = PBXBuildFile; fileRef = 062F7F1A14799916CB5C2F14 /* libPods-NRShopSugerLib.a */; };
		91471A9B1D634A7D006067C8 /* main.m in Sources */ = {isa = PBXBuildFile; fileRef = 91471A9A1D634A7D006067C8 /* main.m */; };
		91471A9E1D634A7D006067C8 /* AppDelegate.m in Sources */ = {isa = PBXBuildFile; fileRef = 91471A9D1D634A7D006067C8 /* AppDelegate.m */; };
		91471AA11D634A7D006067C8 /* ViewController.m in Sources */ = {isa = PBXBuildFile; fileRef = 91471AA01D634A7D006067C8 /* ViewController.m */; };
		91471AA41D634A7D006067C8 /* Main.storyboard in Resources */ = {isa = PBXBuildFile; fileRef = 91471AA21D634A7D006067C8 /* Main.storyboard */; };
		91471AA61D634A7D006067C8 /* Assets.xcassets in Resources */ = {isa = PBXBuildFile; fileRef = 91471AA51D634A7D006067C8 /* Assets.xcassets */; };
		91471AA91D634A7D006067C8 /* LaunchScreen.storyboard in Resources */ = {isa = PBXBuildFile; fileRef = 91471AA71D634A7D006067C8 /* LaunchScreen.storyboard */; };
		91471AB11D634AE3006067C8 /* NRShopSugerLib.podspec in Resources */ = {isa = PBXBuildFile; fileRef = 91471AB01D634AE3006067C8 /* NRShopSugerLib.podspec */; };
		91471AB81D634FE0006067C8 /* NRShopSugerLib.storyboard in Resources */ = {isa = PBXBuildFile; fileRef = 91471AB71D634FE0006067C8 /* NRShopSugerLib.storyboard */; };
		9916454A1D6C4E27009EC7AE /* UIButton+CustomAdd.m in Sources */ = {isa = PBXBuildFile; fileRef = 991645491D6C4E27009EC7AE /* UIButton+CustomAdd.m */; };
		991646571D6C50BA009EC7AE /* ZBannerView.m in Sources */ = {isa = PBXBuildFile; fileRef = 991646561D6C50BA009EC7AE /* ZBannerView.m */; };
		997FFA7B1D6D41770028C221 /* NSString+CustomValid.m in Sources */ = {isa = PBXBuildFile; fileRef = 997FFA7A1D6D41770028C221 /* NSString+CustomValid.m */; };
		997FFA7F1D6D42680028C221 /* MBTIMgrTextField.m in Sources */ = {isa = PBXBuildFile; fileRef = 997FFA7E1D6D42680028C221 /* MBTIMgrTextField.m */; };
		99DCD47C1D712813001205D1 /* NSObject+CustomAdd.m in Sources */ = {isa = PBXBuildFile; fileRef = 99DCD47B1D712813001205D1 /* NSObject+CustomAdd.m */; };
		9B1D588C1E298ED100803234 /* CoreGraphics.framework in Frameworks */ = {isa = PBXBuildFile; fileRef = 9B1D588B1E298ED100803234 /* CoreGraphics.framework */; };
		9B1D58A41E29A64C00803234 /* UIImage+CustomAdd.m in Sources */ = {isa = PBXBuildFile; fileRef = 9B1D589D1E29A64C00803234 /* UIImage+CustomAdd.m */; };
		9B1D58A51E29A64C00803234 /* UIScrollView+CustomAdd.m in Sources */ = {isa = PBXBuildFile; fileRef = 9B1D589F1E29A64C00803234 /* UIScrollView+CustomAdd.m */; };
		9B1D58A61E29A64C00803234 /* UIViewController+KeyboardAnimation.m in Sources */ = {isa = PBXBuildFile; fileRef = 9B1D58A11E29A64C00803234 /* UIViewController+KeyboardAnimation.m */; };
		9B1D58A71E29A64C00803234 /* YYTextLayout+CustomAdd.m in Sources */ = {isa = PBXBuildFile; fileRef = 9B1D58A31E29A64C00803234 /* YYTextLayout+CustomAdd.m */; };
		9B34C4011D8CE56B008B005A /* CYConst.m in Sources */ = {isa = PBXBuildFile; fileRef = 9B34C3F91D8CE56B008B005A /* CYConst.m */; };
		9B34C4021D8CE56B008B005A /* CYPasswordInputView.m in Sources */ = {isa = PBXBuildFile; fileRef = 9B34C3FB1D8CE56B008B005A /* CYPasswordInputView.m */; };
		9B34C4041D8CE56B008B005A /* CYPasswordView.m in Sources */ = {isa = PBXBuildFile; fileRef = 9B34C3FE1D8CE56B008B005A /* CYPasswordView.m */; };
		9B34C4051D8CE56B008B005A /* UIView+Extension.m in Sources */ = {isa = PBXBuildFile; fileRef = 9B34C4001D8CE56B008B005A /* UIView+Extension.m */; };
		9B34C4071D8CE58D008B005A /* CYPasswordView.bundle in Resources */ = {isa = PBXBuildFile; fileRef = 9B34C4061D8CE58D008B005A /* CYPasswordView.bundle */; };
		9B34C40B1D8CE5AD008B005A /* JSWave.m in Sources */ = {isa = PBXBuildFile; fileRef = 9B34C40A1D8CE5AD008B005A /* JSWave.m */; };
		9B34C40E1D8CE5FE008B005A /* NSDate+CustomAdd.m in Sources */ = {isa = PBXBuildFile; fileRef = 9B34C40D1D8CE5FE008B005A /* NSDate+CustomAdd.m */; };
		9B34C4111D8CE622008B005A /* UILabel+CustomAdd.m in Sources */ = {isa = PBXBuildFile; fileRef = 9B34C4101D8CE622008B005A /* UILabel+CustomAdd.m */; };
		9B34C4191D8CE62B008B005A /* WBPopMenuView.m in Sources */ = {isa = PBXBuildFile; fileRef = 9B34C4141D8CE62B008B005A /* WBPopMenuView.m */; };
		9B34C41A1D8CE62B008B005A /* WBTableViewDataSource.m in Sources */ = {isa = PBXBuildFile; fileRef = 9B34C4161D8CE62B008B005A /* WBTableViewDataSource.m */; };
		9B34C41B1D8CE62B008B005A /* WBTableViewDelegate.m in Sources */ = {isa = PBXBuildFile; fileRef = 9B34C4181D8CE62B008B005A /* WBTableViewDelegate.m */; };
		9B8B364C1D9129E8005DE55C /* MLImagePickerHUD.m in Sources */ = {isa = PBXBuildFile; fileRef = 9B8B35F51D9129E8005DE55C /* MLImagePickerHUD.m */; };
		9B8B364D1D9129E8005DE55C /* MLNavigationViewController.m in Sources */ = {isa = PBXBuildFile; fileRef = 9B8B35F71D9129E8005DE55C /* MLNavigationViewController.m */; };
		9B8B364E1D9129E8005DE55C /* MLPhotoAsset.m in Sources */ = {isa = PBXBuildFile; fileRef = 9B8B35F91D9129E8005DE55C /* MLPhotoAsset.m */; };
		9B8B364F1D9129E8005DE55C /* MLPhotoKitData.m in Sources */ = {isa = PBXBuildFile; fileRef = 9B8B35FB1D9129E8005DE55C /* MLPhotoKitData.m */; };
		9B8B36501D9129E8005DE55C /* MLPhotoPickerManager.m in Sources */ = {isa = PBXBuildFile; fileRef = 9B8B35FE1D9129E8005DE55C /* MLPhotoPickerManager.m */; };
		9B8B36511D9129E8005DE55C /* MLPhotoRect.m in Sources */ = {isa = PBXBuildFile; fileRef = 9B8B36001D9129E8005DE55C /* MLPhotoRect.m */; };
		9B8B36521D9129E8005DE55C /* MLPhoto.m in Sources */ = {isa = PBXBuildFile; fileRef = 9B8B36041D9129E8005DE55C /* MLPhoto.m */; };
		9B8B36531D9129E8005DE55C /* MLPhotoBrowserViewController.m in Sources */ = {isa = PBXBuildFile; fileRef = 9B8B36071D9129E8005DE55C /* MLPhotoBrowserViewController.m */; };
		9B8B36541D9129E8005DE55C /* MLPhotoBrowserCollectionCell.m in Sources */ = {isa = PBXBuildFile; fileRef = 9B8B360A1D9129E8005DE55C /* MLPhotoBrowserCollectionCell.m */; };
		9B8B36561D9129E8005DE55C /* MLPhotoPickerBrowserPhotoImageView.m in Sources */ = {isa = PBXBuildFile; fileRef = 9B8B360D1D9129E8005DE55C /* MLPhotoPickerBrowserPhotoImageView.m */; };
		9B8B36571D9129E8005DE55C /* MLPhotoPickerBrowserPhotoScrollView.m in Sources */ = {isa = PBXBuildFile; fileRef = 9B8B360F1D9129E8005DE55C /* MLPhotoPickerBrowserPhotoScrollView.m */; };
		9B8B36581D9129E8005DE55C /* MLPhotoPickerBrowserPhotoView.m in Sources */ = {isa = PBXBuildFile; fileRef = 9B8B36111D9129E8005DE55C /* MLPhotoPickerBrowserPhotoView.m */; };
		9B8B36591D9129E8005DE55C /* MLPhotoPickerAssetsManager.m in Sources */ = {isa = PBXBuildFile; fileRef = 9B8B36151D9129E8005DE55C /* MLPhotoPickerAssetsManager.m */; };
		9B8B365A1D9129E8005DE55C /* MLPhotoPickerData.m in Sources */ = {isa = PBXBuildFile; fileRef = 9B8B36171D9129E8005DE55C /* MLPhotoPickerData.m */; };
		9B8B365B1D9129E8005DE55C /* MLImagePickerCollectionViewCell.m in Sources */ = {isa = PBXBuildFile; fileRef = 9B8B361A1D9129E8005DE55C /* MLImagePickerCollectionViewCell.m */; };
		9B8B365D1D9129E8005DE55C /* MLImagePickerMenuTableViewCell.m in Sources */ = {isa = PBXBuildFile; fileRef = 9B8B361D1D9129E8005DE55C /* MLImagePickerMenuTableViewCell.m */; };
		9B8B365F1D9129E8005DE55C /* MLPhotoPickerCollectionView.m in Sources */ = {isa = PBXBuildFile; fileRef = 9B8B36201D9129E8005DE55C /* MLPhotoPickerCollectionView.m */; };
		9B8B36601D9129E8005DE55C /* UIButton+Animation.m in Sources */ = {isa = PBXBuildFile; fileRef = 9B8B36221D9129E8005DE55C /* UIButton+Animation.m */; };
		9B8B36611D9129E8005DE55C /* MLImagePickerViewController+MenuTableViewDataSource.m in Sources */ = {isa = PBXBuildFile; fileRef = 9B8B36251D9129E8005DE55C /* MLImagePickerViewController+MenuTableViewDataSource.m */; };
		9B8B36621D9129E8005DE55C /* MLImagePickerViewController.m in Sources */ = {isa = PBXBuildFile; fileRef = 9B8B36271D9129E8005DE55C /* MLImagePickerViewController.m */; };
		9B8B36631D9129E8005DE55C /* DACircularProgressView.m in Sources */ = {isa = PBXBuildFile; fileRef = 9B8B362B1D9129E8005DE55C /* DACircularProgressView.m */; };
		9B8B36641D9129E8005DE55C /* DALabeledCircularProgressView.m in Sources */ = {isa = PBXBuildFile; fileRef = 9B8B362D1D9129E8005DE55C /* DALabeledCircularProgressView.m */; };
		9B8B36651D9129E8005DE55C /* NSData+ImageContentType.m in Sources */ = {isa = PBXBuildFile; fileRef = 9B8B36301D9129E8005DE55C /* NSData+ImageContentType.m */; };
		9B8B36661D9129E8005DE55C /* SDImageCache.m in Sources */ = {isa = PBXBuildFile; fileRef = 9B8B36321D9129E8005DE55C /* SDImageCache.m */; };
		9B8B36671D9129E8005DE55C /* SDWebImageCompat.m in Sources */ = {isa = PBXBuildFile; fileRef = 9B8B36341D9129E8005DE55C /* SDWebImageCompat.m */; };
		9B8B36681D9129E8005DE55C /* SDWebImageDecoder.m in Sources */ = {isa = PBXBuildFile; fileRef = 9B8B36361D9129E8005DE55C /* SDWebImageDecoder.m */; };
		9B8B36691D9129E8005DE55C /* SDWebImageDownloader.m in Sources */ = {isa = PBXBuildFile; fileRef = 9B8B36381D9129E8005DE55C /* SDWebImageDownloader.m */; };
		9B8B366A1D9129E8005DE55C /* SDWebImageDownloaderOperation.m in Sources */ = {isa = PBXBuildFile; fileRef = 9B8B363A1D9129E8005DE55C /* SDWebImageDownloaderOperation.m */; };
		9B8B366B1D9129E8005DE55C /* SDWebImageManager.m in Sources */ = {isa = PBXBuildFile; fileRef = 9B8B363C1D9129E8005DE55C /* SDWebImageManager.m */; };
		9B8B366C1D9129E8005DE55C /* SDWebImagePrefetcher.m in Sources */ = {isa = PBXBuildFile; fileRef = 9B8B363F1D9129E8005DE55C /* SDWebImagePrefetcher.m */; };
		9B8B366D1D9129E8005DE55C /* UIButton+WebCache.m in Sources */ = {isa = PBXBuildFile; fileRef = 9B8B36411D9129E8005DE55C /* UIButton+WebCache.m */; };
		9B8B366E1D9129E8005DE55C /* UIImage+GIF.m in Sources */ = {isa = PBXBuildFile; fileRef = 9B8B36431D9129E8005DE55C /* UIImage+GIF.m */; };
		9B8B366F1D9129E8005DE55C /* UIImage+MultiFormat.m in Sources */ = {isa = PBXBuildFile; fileRef = 9B8B36451D9129E8005DE55C /* UIImage+MultiFormat.m */; };
		9B8B36701D9129E8005DE55C /* UIImageView+HighlightedWebCache.m in Sources */ = {isa = PBXBuildFile; fileRef = 9B8B36471D9129E8005DE55C /* UIImageView+HighlightedWebCache.m */; };
		9B8B36711D9129E8005DE55C /* UIImageView+WebCache.m in Sources */ = {isa = PBXBuildFile; fileRef = 9B8B36491D9129E8005DE55C /* UIImageView+WebCache.m */; };
		9B8B36721D9129E8005DE55C /* UIView+WebCacheOperation.m in Sources */ = {isa = PBXBuildFile; fileRef = 9B8B364B1D9129E8005DE55C /* UIView+WebCacheOperation.m */; };
		9B8B36741D9129FB005DE55C /* MLImagePickerController.bundle in Resources */ = {isa = PBXBuildFile; fileRef = 9B8B36731D9129FB005DE55C /* MLImagePickerController.bundle */; };
		9BB1EF001E29E4C200F5B962 /* HClTextView.m in Sources */ = {isa = PBXBuildFile; fileRef = 9BB1EEFF1E29E4C200F5B962 /* HClTextView.m */; };
		9BB1EF061E29E88F00F5B962 /* Cross.m in Sources */ = {isa = PBXBuildFile; fileRef = 9BB1EF031E29E88F00F5B962 /* Cross.m */; };
		9BB1EF071E29E88F00F5B962 /* KYGooeyMenu.m in Sources */ = {isa = PBXBuildFile; fileRef = 9BB1EF051E29E88F00F5B962 /* KYGooeyMenu.m */; };
		9BB1EF091E29E97400F5B962 /* CWStarRateView.bundle in Resources */ = {isa = PBXBuildFile; fileRef = 9BB1EF081E29E97400F5B962 /* CWStarRateView.bundle */; };
		9BB1EF0D1E29E98D00F5B962 /* CWStarRateView.m in Sources */ = {isa = PBXBuildFile; fileRef = 9BB1EF0C1E29E98D00F5B962 /* CWStarRateView.m */; };
		9BB1EF191E29EBC000F5B962 /* JPCacheManager.m in Sources */ = {isa = PBXBuildFile; fileRef = 9BB1EF101E29EBC000F5B962 /* JPCacheManager.m */; };
		9BB1EF1A1E29EBC000F5B962 /* JPDownloadManager.m in Sources */ = {isa = PBXBuildFile; fileRef = 9BB1EF121E29EBC000F5B962 /* JPDownloadManager.m */; };
		9BB1EF1B1E29EBC000F5B962 /* JPVideoCachePathTool.m in Sources */ = {isa = PBXBuildFile; fileRef = 9BB1EF141E29EBC000F5B962 /* JPVideoCachePathTool.m */; };
		9BB1EF1C1E29EBC000F5B962 /* JPVideoPlayer.m in Sources */ = {isa = PBXBuildFile; fileRef = 9BB1EF161E29EBC000F5B962 /* JPVideoPlayer.m */; };
		9BB1EF1D1E29EBC000F5B962 /* JPVideoURLAssetResourceLoader.m in Sources */ = {isa = PBXBuildFile; fileRef = 9BB1EF181E29EBC000F5B962 /* JPVideoURLAssetResourceLoader.m */; };
		9BB1EF2B1E29EC1F00F5B962 /* UUBar.m in Sources */ = {isa = PBXBuildFile; fileRef = 9BB1EF201E29EC1F00F5B962 /* UUBar.m */; };
		9BB1EF2C1E29EC1F00F5B962 /* UUBarChart.m in Sources */ = {isa = PBXBuildFile; fileRef = 9BB1EF221E29EC1F00F5B962 /* UUBarChart.m */; };
		9BB1EF2D1E29EC1F00F5B962 /* UUChart.m in Sources */ = {isa = PBXBuildFile; fileRef = 9BB1EF241E29EC1F00F5B962 /* UUChart.m */; };
		9BB1EF2E1E29EC1F00F5B962 /* UUChartConst.m in Sources */ = {isa = PBXBuildFile; fileRef = 9BB1EF261E29EC1F00F5B962 /* UUChartConst.m */; };
		9BB1EF2F1E29EC1F00F5B962 /* UUChartLabel.m in Sources */ = {isa = PBXBuildFile; fileRef = 9BB1EF281E29EC1F00F5B962 /* UUChartLabel.m */; };
		9BB1EF301E29EC1F00F5B962 /* UULineChart.m in Sources */ = {isa = PBXBuildFile; fileRef = 9BB1EF2A1E29EC1F00F5B962 /* UULineChart.m */; };
		9BB1EF4B1E29EC3300F5B962 /* MSSBrowseActionSheet.m in Sources */ = {isa = PBXBuildFile; fileRef = 9BB1EF331E29EC3300F5B962 /* MSSBrowseActionSheet.m */; };
		9BB1EF4C1E29EC3300F5B962 /* MSSBrowseActionSheetCell.m in Sources */ = {isa = PBXBuildFile; fileRef = 9BB1EF351E29EC3300F5B962 /* MSSBrowseActionSheetCell.m */; };
		9BB1EF4D1E29EC3300F5B962 /* MSSBrowseBaseViewController.m in Sources */ = {isa = PBXBuildFile; fileRef = 9BB1EF371E29EC3300F5B962 /* MSSBrowseBaseViewController.m */; };
		9BB1EF4E1E29EC3300F5B962 /* MSSBrowseCollectionViewCell.m in Sources */ = {isa = PBXBuildFile; fileRef = 9BB1EF391E29EC3300F5B962 /* MSSBrowseCollectionViewCell.m */; };
		9BB1EF4F1E29EC3300F5B962 /* MSSBrowseLoadingImageView.m in Sources */ = {isa = PBXBuildFile; fileRef = 9BB1EF3C1E29EC3300F5B962 /* MSSBrowseLoadingImageView.m */; };
		9BB1EF501E29EC3300F5B962 /* MSSBrowseLocalViewController.m in Sources */ = {isa = PBXBuildFile; fileRef = 9BB1EF3E1E29EC3300F5B962 /* MSSBrowseLocalViewController.m */; };
		9BB1EF511E29EC3300F5B962 /* MSSBrowseModel.m in Sources */ = {isa = PBXBuildFile; fileRef = 9BB1EF401E29EC3300F5B962 /* MSSBrowseModel.m */; };
		9BB1EF521E29EC3300F5B962 /* MSSBrowseNetworkViewController.m in Sources */ = {isa = PBXBuildFile; fileRef = 9BB1EF421E29EC3300F5B962 /* MSSBrowseNetworkViewController.m */; };
		9BB1EF531E29EC3300F5B962 /* MSSBrowseRemindView.m in Sources */ = {isa = PBXBuildFile; fileRef = 9BB1EF441E29EC3300F5B962 /* MSSBrowseRemindView.m */; };
		9BB1EF541E29EC3300F5B962 /* MSSBrowseZoomScrollView.m in Sources */ = {isa = PBXBuildFile; fileRef = 9BB1EF461E29EC3300F5B962 /* MSSBrowseZoomScrollView.m */; };
		9BB1EF551E29EC3300F5B962 /* UIImage+MSSScale.m in Sources */ = {isa = PBXBuildFile; fileRef = 9BB1EF481E29EC3300F5B962 /* UIImage+MSSScale.m */; };
		9BB1EF561E29EC3300F5B962 /* UIView+MSSLayout.m in Sources */ = {isa = PBXBuildFile; fileRef = 9BB1EF4A1E29EC3300F5B962 /* UIView+MSSLayout.m */; };
		9BBAAADC1D913621007F82FC /* MLImagePickerCollectionViewCell.xib in Resources */ = {isa = PBXBuildFile; fileRef = 9BBAAAD91D913621007F82FC /* MLImagePickerCollectionViewCell.xib */; };
		9BBAAADD1D913621007F82FC /* MLImagePickerMenuTableViewCell.xib in Resources */ = {isa = PBXBuildFile; fileRef = 9BBAAADA1D913621007F82FC /* MLImagePickerMenuTableViewCell.xib */; };
		9BBAAADE1D913621007F82FC /* MLPhotoBrowserCollectionCell.xib in Resources */ = {isa = PBXBuildFile; fileRef = 9BBAAADB1D913621007F82FC /* MLPhotoBrowserCollectionCell.xib */; };
		9BDA91881E29E3EE00D8149A /* HCIResouce.bundle in Resources */ = {isa = PBXBuildFile; fileRef = 9BDA91861E29E3EE00D8149A /* HCIResouce.bundle */; };
		9BDA91891E29E3EE00D8149A /* HClTextView.xib in Resources */ = {isa = PBXBuildFile; fileRef = 9BDA91871E29E3EE00D8149A /* HClTextView.xib */; };
/* End PBXBuildFile section */

/* Begin PBXFileReference section */
		062F7F1A14799916CB5C2F14 /* libPods-NRShopSugerLib.a */ = {isa = PBXFileReference; explicitFileType = archive.ar; includeInIndex = 0; path = "libPods-NRShopSugerLib.a"; sourceTree = BUILT_PRODUCTS_DIR; };
		42865E393FDC1653A43AEC36 /* Pods-NRShopSugerLib.debug.xcconfig */ = {isa = PBXFileReference; includeInIndex = 1; lastKnownFileType = text.xcconfig; name = "Pods-NRShopSugerLib.debug.xcconfig"; path = "Pods/Target Support Files/Pods-NRShopSugerLib/Pods-NRShopSugerLib.debug.xcconfig"; sourceTree = "<group>"; };
		91471A961D634A7D006067C8 /* NRShopSugerLib.app */ = {isa = PBXFileReference; explicitFileType = wrapper.application; includeInIndex = 0; path = NRShopSugerLib.app; sourceTree = BUILT_PRODUCTS_DIR; };
		91471A9A1D634A7D006067C8 /* main.m */ = {isa = PBXFileReference; lastKnownFileType = sourcecode.c.objc; path = main.m; sourceTree = "<group>"; };
		91471A9C1D634A7D006067C8 /* AppDelegate.h */ = {isa = PBXFileReference; lastKnownFileType = sourcecode.c.h; path = AppDelegate.h; sourceTree = "<group>"; };
		91471A9D1D634A7D006067C8 /* AppDelegate.m */ = {isa = PBXFileReference; lastKnownFileType = sourcecode.c.objc; path = AppDelegate.m; sourceTree = "<group>"; };
		91471A9F1D634A7D006067C8 /* ViewController.h */ = {isa = PBXFileReference; lastKnownFileType = sourcecode.c.h; path = ViewController.h; sourceTree = "<group>"; };
		91471AA01D634A7D006067C8 /* ViewController.m */ = {isa = PBXFileReference; lastKnownFileType = sourcecode.c.objc; path = ViewController.m; sourceTree = "<group>"; };
		91471AA31D634A7D006067C8 /* Base */ = {isa = PBXFileReference; lastKnownFileType = file.storyboard; name = Base; path = Base.lproj/Main.storyboard; sourceTree = "<group>"; };
		91471AA51D634A7D006067C8 /* Assets.xcassets */ = {isa = PBXFileReference; lastKnownFileType = folder.assetcatalog; path = Assets.xcassets; sourceTree = "<group>"; };
		91471AA81D634A7D006067C8 /* Base */ = {isa = PBXFileReference; lastKnownFileType = file.storyboard; name = Base; path = Base.lproj/LaunchScreen.storyboard; sourceTree = "<group>"; };
		91471AAA1D634A7D006067C8 /* Info.plist */ = {isa = PBXFileReference; lastKnownFileType = text.plist.xml; path = Info.plist; sourceTree = "<group>"; };
		91471AB01D634AE3006067C8 /* NRShopSugerLib.podspec */ = {isa = PBXFileReference; fileEncoding = 4; lastKnownFileType = text; path = NRShopSugerLib.podspec; sourceTree = "<group>"; };
		91471AB61D634F86006067C8 /* NRShopSugerLib.h */ = {isa = PBXFileReference; fileEncoding = 4; lastKnownFileType = sourcecode.c.h; path = NRShopSugerLib.h; sourceTree = "<group>"; };
		91471AB71D634FE0006067C8 /* NRShopSugerLib.storyboard */ = {isa = PBXFileReference; fileEncoding = 4; lastKnownFileType = file.storyboard; path = NRShopSugerLib.storyboard; sourceTree = "<group>"; };
		991645481D6C4E27009EC7AE /* UIButton+CustomAdd.h */ = {isa = PBXFileReference; fileEncoding = 4; lastKnownFileType = sourcecode.c.h; path = "UIButton+CustomAdd.h"; sourceTree = "<group>"; };
		991645491D6C4E27009EC7AE /* UIButton+CustomAdd.m */ = {isa = PBXFileReference; fileEncoding = 4; lastKnownFileType = sourcecode.c.objc; path = "UIButton+CustomAdd.m"; sourceTree = "<group>"; };
		991646551D6C50BA009EC7AE /* ZBannerView.h */ = {isa = PBXFileReference; fileEncoding = 4; lastKnownFileType = sourcecode.c.h; path = ZBannerView.h; sourceTree = "<group>"; };
		991646561D6C50BA009EC7AE /* ZBannerView.m */ = {isa = PBXFileReference; fileEncoding = 4; lastKnownFileType = sourcecode.c.objc; path = ZBannerView.m; sourceTree = "<group>"; };
		997FFA791D6D41770028C221 /* NSString+CustomValid.h */ = {isa = PBXFileReference; fileEncoding = 4; lastKnownFileType = sourcecode.c.h; path = "NSString+CustomValid.h"; sourceTree = "<group>"; };
		997FFA7A1D6D41770028C221 /* NSString+CustomValid.m */ = {isa = PBXFileReference; fileEncoding = 4; lastKnownFileType = sourcecode.c.objc; path = "NSString+CustomValid.m"; sourceTree = "<group>"; };
		997FFA7D1D6D42680028C221 /* MBTIMgrTextField.h */ = {isa = PBXFileReference; fileEncoding = 4; lastKnownFileType = sourcecode.c.h; path = MBTIMgrTextField.h; sourceTree = "<group>"; };
		997FFA7E1D6D42680028C221 /* MBTIMgrTextField.m */ = {isa = PBXFileReference; fileEncoding = 4; lastKnownFileType = sourcecode.c.objc; path = MBTIMgrTextField.m; sourceTree = "<group>"; };
		99DCD47A1D712813001205D1 /* NSObject+CustomAdd.h */ = {isa = PBXFileReference; fileEncoding = 4; lastKnownFileType = sourcecode.c.h; path = "NSObject+CustomAdd.h"; sourceTree = "<group>"; };
		99DCD47B1D712813001205D1 /* NSObject+CustomAdd.m */ = {isa = PBXFileReference; fileEncoding = 4; lastKnownFileType = sourcecode.c.objc; path = "NSObject+CustomAdd.m"; sourceTree = "<group>"; };
		9B1D58891E298EA300803234 /* Foundation.framework */ = {isa = PBXFileReference; lastKnownFileType = wrapper.framework; name = Foundation.framework; path = System/Library/Frameworks/Foundation.framework; sourceTree = SDKROOT; };
		9B1D588B1E298ED100803234 /* CoreGraphics.framework */ = {isa = PBXFileReference; lastKnownFileType = wrapper.framework; name = CoreGraphics.framework; path = System/Library/Frameworks/CoreGraphics.framework; sourceTree = SDKROOT; };
		9B1D589C1E29A64C00803234 /* UIImage+CustomAdd.h */ = {isa = PBXFileReference; fileEncoding = 4; lastKnownFileType = sourcecode.c.h; path = "UIImage+CustomAdd.h"; sourceTree = "<group>"; };
		9B1D589D1E29A64C00803234 /* UIImage+CustomAdd.m */ = {isa = PBXFileReference; fileEncoding = 4; lastKnownFileType = sourcecode.c.objc; path = "UIImage+CustomAdd.m"; sourceTree = "<group>"; };
		9B1D589E1E29A64C00803234 /* UIScrollView+CustomAdd.h */ = {isa = PBXFileReference; fileEncoding = 4; lastKnownFileType = sourcecode.c.h; path = "UIScrollView+CustomAdd.h"; sourceTree = "<group>"; };
		9B1D589F1E29A64C00803234 /* UIScrollView+CustomAdd.m */ = {isa = PBXFileReference; fileEncoding = 4; lastKnownFileType = sourcecode.c.objc; path = "UIScrollView+CustomAdd.m"; sourceTree = "<group>"; };
		9B1D58A01E29A64C00803234 /* UIViewController+KeyboardAnimation.h */ = {isa = PBXFileReference; fileEncoding = 4; lastKnownFileType = sourcecode.c.h; path = "UIViewController+KeyboardAnimation.h"; sourceTree = "<group>"; };
		9B1D58A11E29A64C00803234 /* UIViewController+KeyboardAnimation.m */ = {isa = PBXFileReference; fileEncoding = 4; lastKnownFileType = sourcecode.c.objc; path = "UIViewController+KeyboardAnimation.m"; sourceTree = "<group>"; };
		9B1D58A21E29A64C00803234 /* YYTextLayout+CustomAdd.h */ = {isa = PBXFileReference; fileEncoding = 4; lastKnownFileType = sourcecode.c.h; path = "YYTextLayout+CustomAdd.h"; sourceTree = "<group>"; };
		9B1D58A31E29A64C00803234 /* YYTextLayout+CustomAdd.m */ = {isa = PBXFileReference; fileEncoding = 4; lastKnownFileType = sourcecode.c.objc; path = "YYTextLayout+CustomAdd.m"; sourceTree = "<group>"; };
		9B34C3F81D8CE56B008B005A /* CYConst.h */ = {isa = PBXFileReference; fileEncoding = 4; lastKnownFileType = sourcecode.c.h; path = CYConst.h; sourceTree = "<group>"; };
		9B34C3F91D8CE56B008B005A /* CYConst.m */ = {isa = PBXFileReference; fileEncoding = 4; lastKnownFileType = sourcecode.c.objc; path = CYConst.m; sourceTree = "<group>"; };
		9B34C3FA1D8CE56B008B005A /* CYPasswordInputView.h */ = {isa = PBXFileReference; fileEncoding = 4; lastKnownFileType = sourcecode.c.h; path = CYPasswordInputView.h; sourceTree = "<group>"; };
		9B34C3FB1D8CE56B008B005A /* CYPasswordInputView.m */ = {isa = PBXFileReference; fileEncoding = 4; lastKnownFileType = sourcecode.c.objc; path = CYPasswordInputView.m; sourceTree = "<group>"; };
		9B34C3FD1D8CE56B008B005A /* CYPasswordView.h */ = {isa = PBXFileReference; fileEncoding = 4; lastKnownFileType = sourcecode.c.h; path = CYPasswordView.h; sourceTree = "<group>"; };
		9B34C3FE1D8CE56B008B005A /* CYPasswordView.m */ = {isa = PBXFileReference; fileEncoding = 4; lastKnownFileType = sourcecode.c.objc; path = CYPasswordView.m; sourceTree = "<group>"; };
		9B34C3FF1D8CE56B008B005A /* UIView+Extension.h */ = {isa = PBXFileReference; fileEncoding = 4; lastKnownFileType = sourcecode.c.h; path = "UIView+Extension.h"; sourceTree = "<group>"; };
		9B34C4001D8CE56B008B005A /* UIView+Extension.m */ = {isa = PBXFileReference; fileEncoding = 4; lastKnownFileType = sourcecode.c.objc; path = "UIView+Extension.m"; sourceTree = "<group>"; };
		9B34C4061D8CE58D008B005A /* CYPasswordView.bundle */ = {isa = PBXFileReference; lastKnownFileType = "wrapper.plug-in"; path = CYPasswordView.bundle; sourceTree = "<group>"; };
		9B34C4091D8CE5AD008B005A /* JSWave.h */ = {isa = PBXFileReference; fileEncoding = 4; lastKnownFileType = sourcecode.c.h; path = JSWave.h; sourceTree = "<group>"; };
		9B34C40A1D8CE5AD008B005A /* JSWave.m */ = {isa = PBXFileReference; fileEncoding = 4; lastKnownFileType = sourcecode.c.objc; path = JSWave.m; sourceTree = "<group>"; };
		9B34C40C1D8CE5FE008B005A /* NSDate+CustomAdd.h */ = {isa = PBXFileReference; fileEncoding = 4; lastKnownFileType = sourcecode.c.h; path = "NSDate+CustomAdd.h"; sourceTree = "<group>"; };
		9B34C40D1D8CE5FE008B005A /* NSDate+CustomAdd.m */ = {isa = PBXFileReference; fileEncoding = 4; lastKnownFileType = sourcecode.c.objc; path = "NSDate+CustomAdd.m"; sourceTree = "<group>"; };
		9B34C40F1D8CE622008B005A /* UILabel+CustomAdd.h */ = {isa = PBXFileReference; fileEncoding = 4; lastKnownFileType = sourcecode.c.h; path = "UILabel+CustomAdd.h"; sourceTree = "<group>"; };
		9B34C4101D8CE622008B005A /* UILabel+CustomAdd.m */ = {isa = PBXFileReference; fileEncoding = 4; lastKnownFileType = sourcecode.c.objc; path = "UILabel+CustomAdd.m"; sourceTree = "<group>"; };
		9B34C4131D8CE62B008B005A /* WBPopMenuView.h */ = {isa = PBXFileReference; fileEncoding = 4; lastKnownFileType = sourcecode.c.h; path = WBPopMenuView.h; sourceTree = "<group>"; };
		9B34C4141D8CE62B008B005A /* WBPopMenuView.m */ = {isa = PBXFileReference; fileEncoding = 4; lastKnownFileType = sourcecode.c.objc; path = WBPopMenuView.m; sourceTree = "<group>"; };
		9B34C4151D8CE62B008B005A /* WBTableViewDataSource.h */ = {isa = PBXFileReference; fileEncoding = 4; lastKnownFileType = sourcecode.c.h; path = WBTableViewDataSource.h; sourceTree = "<group>"; };
		9B34C4161D8CE62B008B005A /* WBTableViewDataSource.m */ = {isa = PBXFileReference; fileEncoding = 4; lastKnownFileType = sourcecode.c.objc; path = WBTableViewDataSource.m; sourceTree = "<group>"; };
		9B34C4171D8CE62B008B005A /* WBTableViewDelegate.h */ = {isa = PBXFileReference; fileEncoding = 4; lastKnownFileType = sourcecode.c.h; path = WBTableViewDelegate.h; sourceTree = "<group>"; };
		9B34C4181D8CE62B008B005A /* WBTableViewDelegate.m */ = {isa = PBXFileReference; fileEncoding = 4; lastKnownFileType = sourcecode.c.objc; path = WBTableViewDelegate.m; sourceTree = "<group>"; };
		9B8B35F41D9129E8005DE55C /* MLImagePickerHUD.h */ = {isa = PBXFileReference; fileEncoding = 4; lastKnownFileType = sourcecode.c.h; path = MLImagePickerHUD.h; sourceTree = "<group>"; };
		9B8B35F51D9129E8005DE55C /* MLImagePickerHUD.m */ = {isa = PBXFileReference; fileEncoding = 4; lastKnownFileType = sourcecode.c.objc; path = MLImagePickerHUD.m; sourceTree = "<group>"; };
		9B8B35F61D9129E8005DE55C /* MLNavigationViewController.h */ = {isa = PBXFileReference; fileEncoding = 4; lastKnownFileType = sourcecode.c.h; path = MLNavigationViewController.h; sourceTree = "<group>"; };
		9B8B35F71D9129E8005DE55C /* MLNavigationViewController.m */ = {isa = PBXFileReference; fileEncoding = 4; lastKnownFileType = sourcecode.c.objc; path = MLNavigationViewController.m; sourceTree = "<group>"; };
		9B8B35F81D9129E8005DE55C /* MLPhotoAsset.h */ = {isa = PBXFileReference; fileEncoding = 4; lastKnownFileType = sourcecode.c.h; path = MLPhotoAsset.h; sourceTree = "<group>"; };
		9B8B35F91D9129E8005DE55C /* MLPhotoAsset.m */ = {isa = PBXFileReference; fileEncoding = 4; lastKnownFileType = sourcecode.c.objc; path = MLPhotoAsset.m; sourceTree = "<group>"; };
		9B8B35FA1D9129E8005DE55C /* MLPhotoKitData.h */ = {isa = PBXFileReference; fileEncoding = 4; lastKnownFileType = sourcecode.c.h; path = MLPhotoKitData.h; sourceTree = "<group>"; };
		9B8B35FB1D9129E8005DE55C /* MLPhotoKitData.m */ = {isa = PBXFileReference; fileEncoding = 4; lastKnownFileType = sourcecode.c.objc; path = MLPhotoKitData.m; sourceTree = "<group>"; };
		9B8B35FC1D9129E8005DE55C /* MLPhotoPickerHeader.h */ = {isa = PBXFileReference; fileEncoding = 4; lastKnownFileType = sourcecode.c.h; path = MLPhotoPickerHeader.h; sourceTree = "<group>"; };
		9B8B35FD1D9129E8005DE55C /* MLPhotoPickerManager.h */ = {isa = PBXFileReference; fileEncoding = 4; lastKnownFileType = sourcecode.c.h; path = MLPhotoPickerManager.h; sourceTree = "<group>"; };
		9B8B35FE1D9129E8005DE55C /* MLPhotoPickerManager.m */ = {isa = PBXFileReference; fileEncoding = 4; lastKnownFileType = sourcecode.c.objc; path = MLPhotoPickerManager.m; sourceTree = "<group>"; };
		9B8B35FF1D9129E8005DE55C /* MLPhotoRect.h */ = {isa = PBXFileReference; fileEncoding = 4; lastKnownFileType = sourcecode.c.h; path = MLPhotoRect.h; sourceTree = "<group>"; };
		9B8B36001D9129E8005DE55C /* MLPhotoRect.m */ = {isa = PBXFileReference; fileEncoding = 4; lastKnownFileType = sourcecode.c.objc; path = MLPhotoRect.m; sourceTree = "<group>"; };
		9B8B36031D9129E8005DE55C /* MLPhoto.h */ = {isa = PBXFileReference; fileEncoding = 4; lastKnownFileType = sourcecode.c.h; path = MLPhoto.h; sourceTree = "<group>"; };
		9B8B36041D9129E8005DE55C /* MLPhoto.m */ = {isa = PBXFileReference; fileEncoding = 4; lastKnownFileType = sourcecode.c.objc; path = MLPhoto.m; sourceTree = "<group>"; };
		9B8B36061D9129E8005DE55C /* MLPhotoBrowserViewController.h */ = {isa = PBXFileReference; fileEncoding = 4; lastKnownFileType = sourcecode.c.h; path = MLPhotoBrowserViewController.h; sourceTree = "<group>"; };
		9B8B36071D9129E8005DE55C /* MLPhotoBrowserViewController.m */ = {isa = PBXFileReference; fileEncoding = 4; lastKnownFileType = sourcecode.c.objc; path = MLPhotoBrowserViewController.m; sourceTree = "<group>"; };
		9B8B36091D9129E8005DE55C /* MLPhotoBrowserCollectionCell.h */ = {isa = PBXFileReference; fileEncoding = 4; lastKnownFileType = sourcecode.c.h; path = MLPhotoBrowserCollectionCell.h; sourceTree = "<group>"; };
		9B8B360A1D9129E8005DE55C /* MLPhotoBrowserCollectionCell.m */ = {isa = PBXFileReference; fileEncoding = 4; lastKnownFileType = sourcecode.c.objc; path = MLPhotoBrowserCollectionCell.m; sourceTree = "<group>"; };
		9B8B360C1D9129E8005DE55C /* MLPhotoPickerBrowserPhotoImageView.h */ = {isa = PBXFileReference; fileEncoding = 4; lastKnownFileType = sourcecode.c.h; path = MLPhotoPickerBrowserPhotoImageView.h; sourceTree = "<group>"; };
		9B8B360D1D9129E8005DE55C /* MLPhotoPickerBrowserPhotoImageView.m */ = {isa = PBXFileReference; fileEncoding = 4; lastKnownFileType = sourcecode.c.objc; path = MLPhotoPickerBrowserPhotoImageView.m; sourceTree = "<group>"; };
		9B8B360E1D9129E8005DE55C /* MLPhotoPickerBrowserPhotoScrollView.h */ = {isa = PBXFileReference; fileEncoding = 4; lastKnownFileType = sourcecode.c.h; path = MLPhotoPickerBrowserPhotoScrollView.h; sourceTree = "<group>"; };
		9B8B360F1D9129E8005DE55C /* MLPhotoPickerBrowserPhotoScrollView.m */ = {isa = PBXFileReference; fileEncoding = 4; lastKnownFileType = sourcecode.c.objc; path = MLPhotoPickerBrowserPhotoScrollView.m; sourceTree = "<group>"; };
		9B8B36101D9129E8005DE55C /* MLPhotoPickerBrowserPhotoView.h */ = {isa = PBXFileReference; fileEncoding = 4; lastKnownFileType = sourcecode.c.h; path = MLPhotoPickerBrowserPhotoView.h; sourceTree = "<group>"; };
		9B8B36111D9129E8005DE55C /* MLPhotoPickerBrowserPhotoView.m */ = {isa = PBXFileReference; fileEncoding = 4; lastKnownFileType = sourcecode.c.objc; path = MLPhotoPickerBrowserPhotoView.m; sourceTree = "<group>"; };
		9B8B36141D9129E8005DE55C /* MLPhotoPickerAssetsManager.h */ = {isa = PBXFileReference; fileEncoding = 4; lastKnownFileType = sourcecode.c.h; path = MLPhotoPickerAssetsManager.h; sourceTree = "<group>"; };
		9B8B36151D9129E8005DE55C /* MLPhotoPickerAssetsManager.m */ = {isa = PBXFileReference; fileEncoding = 4; lastKnownFileType = sourcecode.c.objc; path = MLPhotoPickerAssetsManager.m; sourceTree = "<group>"; };
		9B8B36161D9129E8005DE55C /* MLPhotoPickerData.h */ = {isa = PBXFileReference; fileEncoding = 4; lastKnownFileType = sourcecode.c.h; path = MLPhotoPickerData.h; sourceTree = "<group>"; };
		9B8B36171D9129E8005DE55C /* MLPhotoPickerData.m */ = {isa = PBXFileReference; fileEncoding = 4; lastKnownFileType = sourcecode.c.objc; path = MLPhotoPickerData.m; sourceTree = "<group>"; };
		9B8B36191D9129E8005DE55C /* MLImagePickerCollectionViewCell.h */ = {isa = PBXFileReference; fileEncoding = 4; lastKnownFileType = sourcecode.c.h; path = MLImagePickerCollectionViewCell.h; sourceTree = "<group>"; };
		9B8B361A1D9129E8005DE55C /* MLImagePickerCollectionViewCell.m */ = {isa = PBXFileReference; fileEncoding = 4; lastKnownFileType = sourcecode.c.objc; path = MLImagePickerCollectionViewCell.m; sourceTree = "<group>"; };
		9B8B361C1D9129E8005DE55C /* MLImagePickerMenuTableViewCell.h */ = {isa = PBXFileReference; fileEncoding = 4; lastKnownFileType = sourcecode.c.h; path = MLImagePickerMenuTableViewCell.h; sourceTree = "<group>"; };
		9B8B361D1D9129E8005DE55C /* MLImagePickerMenuTableViewCell.m */ = {isa = PBXFileReference; fileEncoding = 4; lastKnownFileType = sourcecode.c.objc; path = MLImagePickerMenuTableViewCell.m; sourceTree = "<group>"; };
		9B8B361F1D9129E8005DE55C /* MLPhotoPickerCollectionView.h */ = {isa = PBXFileReference; fileEncoding = 4; lastKnownFileType = sourcecode.c.h; path = MLPhotoPickerCollectionView.h; sourceTree = "<group>"; };
		9B8B36201D9129E8005DE55C /* MLPhotoPickerCollectionView.m */ = {isa = PBXFileReference; fileEncoding = 4; lastKnownFileType = sourcecode.c.objc; path = MLPhotoPickerCollectionView.m; sourceTree = "<group>"; };
		9B8B36211D9129E8005DE55C /* UIButton+Animation.h */ = {isa = PBXFileReference; fileEncoding = 4; lastKnownFileType = sourcecode.c.h; path = "UIButton+Animation.h"; sourceTree = "<group>"; };
		9B8B36221D9129E8005DE55C /* UIButton+Animation.m */ = {isa = PBXFileReference; fileEncoding = 4; lastKnownFileType = sourcecode.c.objc; path = "UIButton+Animation.m"; sourceTree = "<group>"; };
		9B8B36241D9129E8005DE55C /* MLImagePickerViewController+MenuTableViewDataSource.h */ = {isa = PBXFileReference; fileEncoding = 4; lastKnownFileType = sourcecode.c.h; path = "MLImagePickerViewController+MenuTableViewDataSource.h"; sourceTree = "<group>"; };
		9B8B36251D9129E8005DE55C /* MLImagePickerViewController+MenuTableViewDataSource.m */ = {isa = PBXFileReference; fileEncoding = 4; lastKnownFileType = sourcecode.c.objc; path = "MLImagePickerViewController+MenuTableViewDataSource.m"; sourceTree = "<group>"; };
		9B8B36261D9129E8005DE55C /* MLImagePickerViewController.h */ = {isa = PBXFileReference; fileEncoding = 4; lastKnownFileType = sourcecode.c.h; path = MLImagePickerViewController.h; sourceTree = "<group>"; };
		9B8B36271D9129E8005DE55C /* MLImagePickerViewController.m */ = {isa = PBXFileReference; fileEncoding = 4; lastKnownFileType = sourcecode.c.objc; path = MLImagePickerViewController.m; sourceTree = "<group>"; };
		9B8B362A1D9129E8005DE55C /* DACircularProgressView.h */ = {isa = PBXFileReference; fileEncoding = 4; lastKnownFileType = sourcecode.c.h; path = DACircularProgressView.h; sourceTree = "<group>"; };
		9B8B362B1D9129E8005DE55C /* DACircularProgressView.m */ = {isa = PBXFileReference; fileEncoding = 4; lastKnownFileType = sourcecode.c.objc; path = DACircularProgressView.m; sourceTree = "<group>"; };
		9B8B362C1D9129E8005DE55C /* DALabeledCircularProgressView.h */ = {isa = PBXFileReference; fileEncoding = 4; lastKnownFileType = sourcecode.c.h; path = DALabeledCircularProgressView.h; sourceTree = "<group>"; };
		9B8B362D1D9129E8005DE55C /* DALabeledCircularProgressView.m */ = {isa = PBXFileReference; fileEncoding = 4; lastKnownFileType = sourcecode.c.objc; path = DALabeledCircularProgressView.m; sourceTree = "<group>"; };
		9B8B362F1D9129E8005DE55C /* NSData+ImageContentType.h */ = {isa = PBXFileReference; fileEncoding = 4; lastKnownFileType = sourcecode.c.h; path = "NSData+ImageContentType.h"; sourceTree = "<group>"; };
		9B8B36301D9129E8005DE55C /* NSData+ImageContentType.m */ = {isa = PBXFileReference; fileEncoding = 4; lastKnownFileType = sourcecode.c.objc; path = "NSData+ImageContentType.m"; sourceTree = "<group>"; };
		9B8B36311D9129E8005DE55C /* SDImageCache.h */ = {isa = PBXFileReference; fileEncoding = 4; lastKnownFileType = sourcecode.c.h; path = SDImageCache.h; sourceTree = "<group>"; };
		9B8B36321D9129E8005DE55C /* SDImageCache.m */ = {isa = PBXFileReference; fileEncoding = 4; lastKnownFileType = sourcecode.c.objc; path = SDImageCache.m; sourceTree = "<group>"; };
		9B8B36331D9129E8005DE55C /* SDWebImageCompat.h */ = {isa = PBXFileReference; fileEncoding = 4; lastKnownFileType = sourcecode.c.h; path = SDWebImageCompat.h; sourceTree = "<group>"; };
		9B8B36341D9129E8005DE55C /* SDWebImageCompat.m */ = {isa = PBXFileReference; fileEncoding = 4; lastKnownFileType = sourcecode.c.objc; path = SDWebImageCompat.m; sourceTree = "<group>"; };
		9B8B36351D9129E8005DE55C /* SDWebImageDecoder.h */ = {isa = PBXFileReference; fileEncoding = 4; lastKnownFileType = sourcecode.c.h; path = SDWebImageDecoder.h; sourceTree = "<group>"; };
		9B8B36361D9129E8005DE55C /* SDWebImageDecoder.m */ = {isa = PBXFileReference; fileEncoding = 4; lastKnownFileType = sourcecode.c.objc; path = SDWebImageDecoder.m; sourceTree = "<group>"; };
		9B8B36371D9129E8005DE55C /* SDWebImageDownloader.h */ = {isa = PBXFileReference; fileEncoding = 4; lastKnownFileType = sourcecode.c.h; path = SDWebImageDownloader.h; sourceTree = "<group>"; };
		9B8B36381D9129E8005DE55C /* SDWebImageDownloader.m */ = {isa = PBXFileReference; fileEncoding = 4; lastKnownFileType = sourcecode.c.objc; path = SDWebImageDownloader.m; sourceTree = "<group>"; };
		9B8B36391D9129E8005DE55C /* SDWebImageDownloaderOperation.h */ = {isa = PBXFileReference; fileEncoding = 4; lastKnownFileType = sourcecode.c.h; path = SDWebImageDownloaderOperation.h; sourceTree = "<group>"; };
		9B8B363A1D9129E8005DE55C /* SDWebImageDownloaderOperation.m */ = {isa = PBXFileReference; fileEncoding = 4; lastKnownFileType = sourcecode.c.objc; path = SDWebImageDownloaderOperation.m; sourceTree = "<group>"; };
		9B8B363B1D9129E8005DE55C /* SDWebImageManager.h */ = {isa = PBXFileReference; fileEncoding = 4; lastKnownFileType = sourcecode.c.h; path = SDWebImageManager.h; sourceTree = "<group>"; };
		9B8B363C1D9129E8005DE55C /* SDWebImageManager.m */ = {isa = PBXFileReference; fileEncoding = 4; lastKnownFileType = sourcecode.c.objc; path = SDWebImageManager.m; sourceTree = "<group>"; };
		9B8B363D1D9129E8005DE55C /* SDWebImageOperation.h */ = {isa = PBXFileReference; fileEncoding = 4; lastKnownFileType = sourcecode.c.h; path = SDWebImageOperation.h; sourceTree = "<group>"; };
		9B8B363E1D9129E8005DE55C /* SDWebImagePrefetcher.h */ = {isa = PBXFileReference; fileEncoding = 4; lastKnownFileType = sourcecode.c.h; path = SDWebImagePrefetcher.h; sourceTree = "<group>"; };
		9B8B363F1D9129E8005DE55C /* SDWebImagePrefetcher.m */ = {isa = PBXFileReference; fileEncoding = 4; lastKnownFileType = sourcecode.c.objc; path = SDWebImagePrefetcher.m; sourceTree = "<group>"; };
		9B8B36401D9129E8005DE55C /* UIButton+WebCache.h */ = {isa = PBXFileReference; fileEncoding = 4; lastKnownFileType = sourcecode.c.h; path = "UIButton+WebCache.h"; sourceTree = "<group>"; };
		9B8B36411D9129E8005DE55C /* UIButton+WebCache.m */ = {isa = PBXFileReference; fileEncoding = 4; lastKnownFileType = sourcecode.c.objc; path = "UIButton+WebCache.m"; sourceTree = "<group>"; };
		9B8B36421D9129E8005DE55C /* UIImage+GIF.h */ = {isa = PBXFileReference; fileEncoding = 4; lastKnownFileType = sourcecode.c.h; path = "UIImage+GIF.h"; sourceTree = "<group>"; };
		9B8B36431D9129E8005DE55C /* UIImage+GIF.m */ = {isa = PBXFileReference; fileEncoding = 4; lastKnownFileType = sourcecode.c.objc; path = "UIImage+GIF.m"; sourceTree = "<group>"; };
		9B8B36441D9129E8005DE55C /* UIImage+MultiFormat.h */ = {isa = PBXFileReference; fileEncoding = 4; lastKnownFileType = sourcecode.c.h; path = "UIImage+MultiFormat.h"; sourceTree = "<group>"; };
		9B8B36451D9129E8005DE55C /* UIImage+MultiFormat.m */ = {isa = PBXFileReference; fileEncoding = 4; lastKnownFileType = sourcecode.c.objc; path = "UIImage+MultiFormat.m"; sourceTree = "<group>"; };
		9B8B36461D9129E8005DE55C /* UIImageView+HighlightedWebCache.h */ = {isa = PBXFileReference; fileEncoding = 4; lastKnownFileType = sourcecode.c.h; path = "UIImageView+HighlightedWebCache.h"; sourceTree = "<group>"; };
		9B8B36471D9129E8005DE55C /* UIImageView+HighlightedWebCache.m */ = {isa = PBXFileReference; fileEncoding = 4; lastKnownFileType = sourcecode.c.objc; path = "UIImageView+HighlightedWebCache.m"; sourceTree = "<group>"; };
		9B8B36481D9129E8005DE55C /* UIImageView+WebCache.h */ = {isa = PBXFileReference; fileEncoding = 4; lastKnownFileType = sourcecode.c.h; path = "UIImageView+WebCache.h"; sourceTree = "<group>"; };
		9B8B36491D9129E8005DE55C /* UIImageView+WebCache.m */ = {isa = PBXFileReference; fileEncoding = 4; lastKnownFileType = sourcecode.c.objc; path = "UIImageView+WebCache.m"; sourceTree = "<group>"; };
		9B8B364A1D9129E8005DE55C /* UIView+WebCacheOperation.h */ = {isa = PBXFileReference; fileEncoding = 4; lastKnownFileType = sourcecode.c.h; path = "UIView+WebCacheOperation.h"; sourceTree = "<group>"; };
		9B8B364B1D9129E8005DE55C /* UIView+WebCacheOperation.m */ = {isa = PBXFileReference; fileEncoding = 4; lastKnownFileType = sourcecode.c.objc; path = "UIView+WebCacheOperation.m"; sourceTree = "<group>"; };
		9B8B36731D9129FB005DE55C /* MLImagePickerController.bundle */ = {isa = PBXFileReference; lastKnownFileType = "wrapper.plug-in"; path = MLImagePickerController.bundle; sourceTree = "<group>"; };
		9BB1EEFE1E29E4C200F5B962 /* HClTextView.h */ = {isa = PBXFileReference; fileEncoding = 4; lastKnownFileType = sourcecode.c.h; path = HClTextView.h; sourceTree = "<group>"; };
		9BB1EEFF1E29E4C200F5B962 /* HClTextView.m */ = {isa = PBXFileReference; fileEncoding = 4; lastKnownFileType = sourcecode.c.objc; path = HClTextView.m; sourceTree = "<group>"; };
		9BB1EF021E29E88F00F5B962 /* Cross.h */ = {isa = PBXFileReference; fileEncoding = 4; lastKnownFileType = sourcecode.c.h; path = Cross.h; sourceTree = "<group>"; };
		9BB1EF031E29E88F00F5B962 /* Cross.m */ = {isa = PBXFileReference; fileEncoding = 4; lastKnownFileType = sourcecode.c.objc; path = Cross.m; sourceTree = "<group>"; };
		9BB1EF041E29E88F00F5B962 /* KYGooeyMenu.h */ = {isa = PBXFileReference; fileEncoding = 4; lastKnownFileType = sourcecode.c.h; path = KYGooeyMenu.h; sourceTree = "<group>"; };
		9BB1EF051E29E88F00F5B962 /* KYGooeyMenu.m */ = {isa = PBXFileReference; fileEncoding = 4; lastKnownFileType = sourcecode.c.objc; path = KYGooeyMenu.m; sourceTree = "<group>"; };
		9BB1EF081E29E97400F5B962 /* CWStarRateView.bundle */ = {isa = PBXFileReference; lastKnownFileType = "wrapper.plug-in"; path = CWStarRateView.bundle; sourceTree = "<group>"; };
		9BB1EF0B1E29E98D00F5B962 /* CWStarRateView.h */ = {isa = PBXFileReference; fileEncoding = 4; lastKnownFileType = sourcecode.c.h; path = CWStarRateView.h; sourceTree = "<group>"; };
		9BB1EF0C1E29E98D00F5B962 /* CWStarRateView.m */ = {isa = PBXFileReference; fileEncoding = 4; lastKnownFileType = sourcecode.c.objc; path = CWStarRateView.m; sourceTree = "<group>"; };
		9BB1EF0F1E29EBC000F5B962 /* JPCacheManager.h */ = {isa = PBXFileReference; fileEncoding = 4; lastKnownFileType = sourcecode.c.h; path = JPCacheManager.h; sourceTree = "<group>"; };
		9BB1EF101E29EBC000F5B962 /* JPCacheManager.m */ = {isa = PBXFileReference; fileEncoding = 4; lastKnownFileType = sourcecode.c.objc; path = JPCacheManager.m; sourceTree = "<group>"; };
		9BB1EF111E29EBC000F5B962 /* JPDownloadManager.h */ = {isa = PBXFileReference; fileEncoding = 4; lastKnownFileType = sourcecode.c.h; path = JPDownloadManager.h; sourceTree = "<group>"; };
		9BB1EF121E29EBC000F5B962 /* JPDownloadManager.m */ = {isa = PBXFileReference; fileEncoding = 4; lastKnownFileType = sourcecode.c.objc; path = JPDownloadManager.m; sourceTree = "<group>"; };
		9BB1EF131E29EBC000F5B962 /* JPVideoCachePathTool.h */ = {isa = PBXFileReference; fileEncoding = 4; lastKnownFileType = sourcecode.c.h; path = JPVideoCachePathTool.h; sourceTree = "<group>"; };
		9BB1EF141E29EBC000F5B962 /* JPVideoCachePathTool.m */ = {isa = PBXFileReference; fileEncoding = 4; lastKnownFileType = sourcecode.c.objc; path = JPVideoCachePathTool.m; sourceTree = "<group>"; };
		9BB1EF151E29EBC000F5B962 /* JPVideoPlayer.h */ = {isa = PBXFileReference; fileEncoding = 4; lastKnownFileType = sourcecode.c.h; path = JPVideoPlayer.h; sourceTree = "<group>"; };
		9BB1EF161E29EBC000F5B962 /* JPVideoPlayer.m */ = {isa = PBXFileReference; fileEncoding = 4; lastKnownFileType = sourcecode.c.objc; path = JPVideoPlayer.m; sourceTree = "<group>"; };
		9BB1EF171E29EBC000F5B962 /* JPVideoURLAssetResourceLoader.h */ = {isa = PBXFileReference; fileEncoding = 4; lastKnownFileType = sourcecode.c.h; path = JPVideoURLAssetResourceLoader.h; sourceTree = "<group>"; };
		9BB1EF181E29EBC000F5B962 /* JPVideoURLAssetResourceLoader.m */ = {isa = PBXFileReference; fileEncoding = 4; lastKnownFileType = sourcecode.c.objc; path = JPVideoURLAssetResourceLoader.m; sourceTree = "<group>"; };
		9BB1EF1F1E29EC1F00F5B962 /* UUBar.h */ = {isa = PBXFileReference; fileEncoding = 4; lastKnownFileType = sourcecode.c.h; path = UUBar.h; sourceTree = "<group>"; };
		9BB1EF201E29EC1F00F5B962 /* UUBar.m */ = {isa = PBXFileReference; fileEncoding = 4; lastKnownFileType = sourcecode.c.objc; path = UUBar.m; sourceTree = "<group>"; };
		9BB1EF211E29EC1F00F5B962 /* UUBarChart.h */ = {isa = PBXFileReference; fileEncoding = 4; lastKnownFileType = sourcecode.c.h; path = UUBarChart.h; sourceTree = "<group>"; };
		9BB1EF221E29EC1F00F5B962 /* UUBarChart.m */ = {isa = PBXFileReference; fileEncoding = 4; lastKnownFileType = sourcecode.c.objc; path = UUBarChart.m; sourceTree = "<group>"; };
		9BB1EF231E29EC1F00F5B962 /* UUChart.h */ = {isa = PBXFileReference; fileEncoding = 4; lastKnownFileType = sourcecode.c.h; path = UUChart.h; sourceTree = "<group>"; };
		9BB1EF241E29EC1F00F5B962 /* UUChart.m */ = {isa = PBXFileReference; fileEncoding = 4; lastKnownFileType = sourcecode.c.objc; path = UUChart.m; sourceTree = "<group>"; };
		9BB1EF251E29EC1F00F5B962 /* UUChartConst.h */ = {isa = PBXFileReference; fileEncoding = 4; lastKnownFileType = sourcecode.c.h; path = UUChartConst.h; sourceTree = "<group>"; };
		9BB1EF261E29EC1F00F5B962 /* UUChartConst.m */ = {isa = PBXFileReference; fileEncoding = 4; lastKnownFileType = sourcecode.c.objc; path = UUChartConst.m; sourceTree = "<group>"; };
		9BB1EF271E29EC1F00F5B962 /* UUChartLabel.h */ = {isa = PBXFileReference; fileEncoding = 4; lastKnownFileType = sourcecode.c.h; path = UUChartLabel.h; sourceTree = "<group>"; };
		9BB1EF281E29EC1F00F5B962 /* UUChartLabel.m */ = {isa = PBXFileReference; fileEncoding = 4; lastKnownFileType = sourcecode.c.objc; path = UUChartLabel.m; sourceTree = "<group>"; };
		9BB1EF291E29EC1F00F5B962 /* UULineChart.h */ = {isa = PBXFileReference; fileEncoding = 4; lastKnownFileType = sourcecode.c.h; path = UULineChart.h; sourceTree = "<group>"; };
		9BB1EF2A1E29EC1F00F5B962 /* UULineChart.m */ = {isa = PBXFileReference; fileEncoding = 4; lastKnownFileType = sourcecode.c.objc; path = UULineChart.m; sourceTree = "<group>"; };
		9BB1EF321E29EC3300F5B962 /* MSSBrowseActionSheet.h */ = {isa = PBXFileReference; fileEncoding = 4; lastKnownFileType = sourcecode.c.h; path = MSSBrowseActionSheet.h; sourceTree = "<group>"; };
		9BB1EF331E29EC3300F5B962 /* MSSBrowseActionSheet.m */ = {isa = PBXFileReference; fileEncoding = 4; lastKnownFileType = sourcecode.c.objc; path = MSSBrowseActionSheet.m; sourceTree = "<group>"; };
		9BB1EF341E29EC3300F5B962 /* MSSBrowseActionSheetCell.h */ = {isa = PBXFileReference; fileEncoding = 4; lastKnownFileType = sourcecode.c.h; path = MSSBrowseActionSheetCell.h; sourceTree = "<group>"; };
		9BB1EF351E29EC3300F5B962 /* MSSBrowseActionSheetCell.m */ = {isa = PBXFileReference; fileEncoding = 4; lastKnownFileType = sourcecode.c.objc; path = MSSBrowseActionSheetCell.m; sourceTree = "<group>"; };
		9BB1EF361E29EC3300F5B962 /* MSSBrowseBaseViewController.h */ = {isa = PBXFileReference; fileEncoding = 4; lastKnownFileType = sourcecode.c.h; path = MSSBrowseBaseViewController.h; sourceTree = "<group>"; };
		9BB1EF371E29EC3300F5B962 /* MSSBrowseBaseViewController.m */ = {isa = PBXFileReference; fileEncoding = 4; lastKnownFileType = sourcecode.c.objc; path = MSSBrowseBaseViewController.m; sourceTree = "<group>"; };
		9BB1EF381E29EC3300F5B962 /* MSSBrowseCollectionViewCell.h */ = {isa = PBXFileReference; fileEncoding = 4; lastKnownFileType = sourcecode.c.h; path = MSSBrowseCollectionViewCell.h; sourceTree = "<group>"; };
		9BB1EF391E29EC3300F5B962 /* MSSBrowseCollectionViewCell.m */ = {isa = PBXFileReference; fileEncoding = 4; lastKnownFileType = sourcecode.c.objc; path = MSSBrowseCollectionViewCell.m; sourceTree = "<group>"; };
		9BB1EF3A1E29EC3300F5B962 /* MSSBrowseDefine.h */ = {isa = PBXFileReference; fileEncoding = 4; lastKnownFileType = sourcecode.c.h; path = MSSBrowseDefine.h; sourceTree = "<group>"; };
		9BB1EF3B1E29EC3300F5B962 /* MSSBrowseLoadingImageView.h */ = {isa = PBXFileReference; fileEncoding = 4; lastKnownFileType = sourcecode.c.h; path = MSSBrowseLoadingImageView.h; sourceTree = "<group>"; };
		9BB1EF3C1E29EC3300F5B962 /* MSSBrowseLoadingImageView.m */ = {isa = PBXFileReference; fileEncoding = 4; lastKnownFileType = sourcecode.c.objc; path = MSSBrowseLoadingImageView.m; sourceTree = "<group>"; };
		9BB1EF3D1E29EC3300F5B962 /* MSSBrowseLocalViewController.h */ = {isa = PBXFileReference; fileEncoding = 4; lastKnownFileType = sourcecode.c.h; path = MSSBrowseLocalViewController.h; sourceTree = "<group>"; };
		9BB1EF3E1E29EC3300F5B962 /* MSSBrowseLocalViewController.m */ = {isa = PBXFileReference; fileEncoding = 4; lastKnownFileType = sourcecode.c.objc; path = MSSBrowseLocalViewController.m; sourceTree = "<group>"; };
		9BB1EF3F1E29EC3300F5B962 /* MSSBrowseModel.h */ = {isa = PBXFileReference; fileEncoding = 4; lastKnownFileType = sourcecode.c.h; path = MSSBrowseModel.h; sourceTree = "<group>"; };
		9BB1EF401E29EC3300F5B962 /* MSSBrowseModel.m */ = {isa = PBXFileReference; fileEncoding = 4; lastKnownFileType = sourcecode.c.objc; path = MSSBrowseModel.m; sourceTree = "<group>"; };
		9BB1EF411E29EC3300F5B962 /* MSSBrowseNetworkViewController.h */ = {isa = PBXFileReference; fileEncoding = 4; lastKnownFileType = sourcecode.c.h; path = MSSBrowseNetworkViewController.h; sourceTree = "<group>"; };
		9BB1EF421E29EC3300F5B962 /* MSSBrowseNetworkViewController.m */ = {isa = PBXFileReference; fileEncoding = 4; lastKnownFileType = sourcecode.c.objc; path = MSSBrowseNetworkViewController.m; sourceTree = "<group>"; };
		9BB1EF431E29EC3300F5B962 /* MSSBrowseRemindView.h */ = {isa = PBXFileReference; fileEncoding = 4; lastKnownFileType = sourcecode.c.h; path = MSSBrowseRemindView.h; sourceTree = "<group>"; };
		9BB1EF441E29EC3300F5B962 /* MSSBrowseRemindView.m */ = {isa = PBXFileReference; fileEncoding = 4; lastKnownFileType = sourcecode.c.objc; path = MSSBrowseRemindView.m; sourceTree = "<group>"; };
		9BB1EF451E29EC3300F5B962 /* MSSBrowseZoomScrollView.h */ = {isa = PBXFileReference; fileEncoding = 4; lastKnownFileType = sourcecode.c.h; path = MSSBrowseZoomScrollView.h; sourceTree = "<group>"; };
		9BB1EF461E29EC3300F5B962 /* MSSBrowseZoomScrollView.m */ = {isa = PBXFileReference; fileEncoding = 4; lastKnownFileType = sourcecode.c.objc; path = MSSBrowseZoomScrollView.m; sourceTree = "<group>"; };
		9BB1EF471E29EC3300F5B962 /* UIImage+MSSScale.h */ = {isa = PBXFileReference; fileEncoding = 4; lastKnownFileType = sourcecode.c.h; path = "UIImage+MSSScale.h"; sourceTree = "<group>"; };
		9BB1EF481E29EC3300F5B962 /* UIImage+MSSScale.m */ = {isa = PBXFileReference; fileEncoding = 4; lastKnownFileType = sourcecode.c.objc; path = "UIImage+MSSScale.m"; sourceTree = "<group>"; };
		9BB1EF491E29EC3300F5B962 /* UIView+MSSLayout.h */ = {isa = PBXFileReference; fileEncoding = 4; lastKnownFileType = sourcecode.c.h; path = "UIView+MSSLayout.h"; sourceTree = "<group>"; };
		9BB1EF4A1E29EC3300F5B962 /* UIView+MSSLayout.m */ = {isa = PBXFileReference; fileEncoding = 4; lastKnownFileType = sourcecode.c.objc; path = "UIView+MSSLayout.m"; sourceTree = "<group>"; };
		9BBAAAD91D913621007F82FC /* MLImagePickerCollectionViewCell.xib */ = {isa = PBXFileReference; fileEncoding = 4; lastKnownFileType = file.xib; path = MLImagePickerCollectionViewCell.xib; sourceTree = "<group>"; };
		9BBAAADA1D913621007F82FC /* MLImagePickerMenuTableViewCell.xib */ = {isa = PBXFileReference; fileEncoding = 4; lastKnownFileType = file.xib; path = MLImagePickerMenuTableViewCell.xib; sourceTree = "<group>"; };
		9BBAAADB1D913621007F82FC /* MLPhotoBrowserCollectionCell.xib */ = {isa = PBXFileReference; fileEncoding = 4; lastKnownFileType = file.xib; path = MLPhotoBrowserCollectionCell.xib; sourceTree = "<group>"; };
		9BDA91861E29E3EE00D8149A /* HCIResouce.bundle */ = {isa = PBXFileReference; lastKnownFileType = "wrapper.plug-in"; path = HCIResouce.bundle; sourceTree = "<group>"; };
		9BDA91871E29E3EE00D8149A /* HClTextView.xib */ = {isa = PBXFileReference; fileEncoding = 4; lastKnownFileType = file.xib; path = HClTextView.xib; sourceTree = "<group>"; };
		EED081F642A63F2AEABE5496 /* Pods-NRShopSugerLib.release.xcconfig */ = {isa = PBXFileReference; includeInIndex = 1; lastKnownFileType = text.xcconfig; name = "Pods-NRShopSugerLib.release.xcconfig"; path = "Pods/Target Support Files/Pods-NRShopSugerLib/Pods-NRShopSugerLib.release.xcconfig"; sourceTree = "<group>"; };
/* End PBXFileReference section */

/* Begin PBXFrameworksBuildPhase section */
		91471A931D634A7D006067C8 /* Frameworks */ = {
			isa = PBXFrameworksBuildPhase;
			buildActionMask = 2147483647;
			files = (
				9B1D588C1E298ED100803234 /* CoreGraphics.framework in Frameworks */,
				0012DC49789395C1160815BE /* libPods-NRShopSugerLib.a in Frameworks */,
			);
			runOnlyForDeploymentPostprocessing = 0;
		};
/* End PBXFrameworksBuildPhase section */

/* Begin PBXGroup section */
		3B39F57D06F924E7FB8BD856 /* Pods */ = {
			isa = PBXGroup;
			children = (
				42865E393FDC1653A43AEC36 /* Pods-NRShopSugerLib.debug.xcconfig */,
				EED081F642A63F2AEABE5496 /* Pods-NRShopSugerLib.release.xcconfig */,
			);
			name = Pods;
			sourceTree = "<group>";
		};
		91471A8D1D634A7D006067C8 = {
			isa = PBXGroup;
			children = (
				91471AB01D634AE3006067C8 /* NRShopSugerLib.podspec */,
				91471A981D634A7D006067C8 /* NRShopSugerLib */,
				91471A971D634A7D006067C8 /* Products */,
				3B39F57D06F924E7FB8BD856 /* Pods */,
				F64C7D38C2997DD12DF6FB89 /* Frameworks */,
			);
			sourceTree = "<group>";
		};
		91471A971D634A7D006067C8 /* Products */ = {
			isa = PBXGroup;
			children = (
				91471A961D634A7D006067C8 /* NRShopSugerLib.app */,
			);
			name = Products;
			sourceTree = "<group>";
		};
		91471A981D634A7D006067C8 /* NRShopSugerLib */ = {
			isa = PBXGroup;
			children = (
				91471AB41D634B49006067C8 /* MyObject */,
				91471A9C1D634A7D006067C8 /* AppDelegate.h */,
				91471A9D1D634A7D006067C8 /* AppDelegate.m */,
				91471A9F1D634A7D006067C8 /* ViewController.h */,
				91471AA01D634A7D006067C8 /* ViewController.m */,
				91471AA21D634A7D006067C8 /* Main.storyboard */,
				91471AA51D634A7D006067C8 /* Assets.xcassets */,
				91471AA71D634A7D006067C8 /* LaunchScreen.storyboard */,
				91471AAA1D634A7D006067C8 /* Info.plist */,
				91471A991D634A7D006067C8 /* Supporting Files */,
			);
			path = NRShopSugerLib;
			sourceTree = "<group>";
		};
		91471A991D634A7D006067C8 /* Supporting Files */ = {
			isa = PBXGroup;
			children = (
				91471A9A1D634A7D006067C8 /* main.m */,
			);
			name = "Supporting Files";
			sourceTree = "<group>";
		};
		91471AB41D634B49006067C8 /* MyObject */ = {
			isa = PBXGroup;
			children = (
				9BB1EF311E29EC3300F5B962 /* MSSBrowse */,
				9BB1EF1E1E29EC1F00F5B962 /* UUChart */,
				9BB1EF0E1E29EBC000F5B962 /* JPVideoPlayer */,
				9BB1EF0A1E29E98D00F5B962 /* CWStarRateView */,
				9BB1EF011E29E88F00F5B962 /* KYGooeyMenu */,
				9BB1EEFD1E29E4C200F5B962 /* HClTextView */,
				9B8B35F11D9129E8005DE55C /* MLPhotoLib */,
				9B34C4121D8CE62B008B005A /* PopMenuView */,
				9B34C4081D8CE5AD008B005A /* HeaderWave */,
				9B34C3F71D8CE56B008B005A /* CYPasswordView */,
				997FFA7C1D6D42680028C221 /* MBMgr */,
				991646541D6C50BA009EC7AE /* ZBannerView */,
				991645471D6C4E27009EC7AE /* Category */,
				91471AB51D634B49006067C8 /* Resources */,
				91471AB61D634F86006067C8 /* NRShopSugerLib.h */,
			);
			path = MyObject;
			sourceTree = "<group>";
		};
		91471AB51D634B49006067C8 /* Resources */ = {
			isa = PBXGroup;
			children = (
				9BB1EF081E29E97400F5B962 /* CWStarRateView.bundle */,
				9BDA91861E29E3EE00D8149A /* HCIResouce.bundle */,
				9BDA91871E29E3EE00D8149A /* HClTextView.xib */,
				9BBAAAD91D913621007F82FC /* MLImagePickerCollectionViewCell.xib */,
				9BBAAADA1D913621007F82FC /* MLImagePickerMenuTableViewCell.xib */,
				9BBAAADB1D913621007F82FC /* MLPhotoBrowserCollectionCell.xib */,
				9B8B36731D9129FB005DE55C /* MLImagePickerController.bundle */,
				9B34C4061D8CE58D008B005A /* CYPasswordView.bundle */,
				91471AB71D634FE0006067C8 /* NRShopSugerLib.storyboard */,
			);
			path = Resources;
			sourceTree = "<group>";
		};
		991645471D6C4E27009EC7AE /* Category */ = {
			isa = PBXGroup;
			children = (
				9B1D589C1E29A64C00803234 /* UIImage+CustomAdd.h */,
				9B1D589D1E29A64C00803234 /* UIImage+CustomAdd.m */,
				9B1D589E1E29A64C00803234 /* UIScrollView+CustomAdd.h */,
				9B1D589F1E29A64C00803234 /* UIScrollView+CustomAdd.m */,
				9B1D58A01E29A64C00803234 /* UIViewController+KeyboardAnimation.h */,
				9B1D58A11E29A64C00803234 /* UIViewController+KeyboardAnimation.m */,
				9B1D58A21E29A64C00803234 /* YYTextLayout+CustomAdd.h */,
				9B1D58A31E29A64C00803234 /* YYTextLayout+CustomAdd.m */,
				9B34C40F1D8CE622008B005A /* UILabel+CustomAdd.h */,
				9B34C4101D8CE622008B005A /* UILabel+CustomAdd.m */,
				9B34C40C1D8CE5FE008B005A /* NSDate+CustomAdd.h */,
				9B34C40D1D8CE5FE008B005A /* NSDate+CustomAdd.m */,
				997FFA791D6D41770028C221 /* NSString+CustomValid.h */,
				997FFA7A1D6D41770028C221 /* NSString+CustomValid.m */,
				991645481D6C4E27009EC7AE /* UIButton+CustomAdd.h */,
				991645491D6C4E27009EC7AE /* UIButton+CustomAdd.m */,
				99DCD47A1D712813001205D1 /* NSObject+CustomAdd.h */,
				99DCD47B1D712813001205D1 /* NSObject+CustomAdd.m */,
			);
			path = Category;
			sourceTree = "<group>";
		};
		991646541D6C50BA009EC7AE /* ZBannerView */ = {
			isa = PBXGroup;
			children = (
				991646551D6C50BA009EC7AE /* ZBannerView.h */,
				991646561D6C50BA009EC7AE /* ZBannerView.m */,
			);
			path = ZBannerView;
			sourceTree = "<group>";
		};
		997FFA7C1D6D42680028C221 /* MBMgr */ = {
			isa = PBXGroup;
			children = (
				997FFA7D1D6D42680028C221 /* MBTIMgrTextField.h */,
				997FFA7E1D6D42680028C221 /* MBTIMgrTextField.m */,
			);
			path = MBMgr;
			sourceTree = "<group>";
		};
		9B34C3F71D8CE56B008B005A /* CYPasswordView */ = {
			isa = PBXGroup;
			children = (
				9B34C3F81D8CE56B008B005A /* CYConst.h */,
				9B34C3F91D8CE56B008B005A /* CYConst.m */,
				9B34C3FA1D8CE56B008B005A /* CYPasswordInputView.h */,
				9B34C3FB1D8CE56B008B005A /* CYPasswordInputView.m */,
				9B34C3FD1D8CE56B008B005A /* CYPasswordView.h */,
				9B34C3FE1D8CE56B008B005A /* CYPasswordView.m */,
				9B34C3FF1D8CE56B008B005A /* UIView+Extension.h */,
				9B34C4001D8CE56B008B005A /* UIView+Extension.m */,
			);
			path = CYPasswordView;
			sourceTree = "<group>";
		};
		9B34C4081D8CE5AD008B005A /* HeaderWave */ = {
			isa = PBXGroup;
			children = (
				9B34C4091D8CE5AD008B005A /* JSWave.h */,
				9B34C40A1D8CE5AD008B005A /* JSWave.m */,
			);
			path = HeaderWave;
			sourceTree = "<group>";
		};
		9B34C4121D8CE62B008B005A /* PopMenuView */ = {
			isa = PBXGroup;
			children = (
				9B34C4131D8CE62B008B005A /* WBPopMenuView.h */,
				9B34C4141D8CE62B008B005A /* WBPopMenuView.m */,
				9B34C4151D8CE62B008B005A /* WBTableViewDataSource.h */,
				9B34C4161D8CE62B008B005A /* WBTableViewDataSource.m */,
				9B34C4171D8CE62B008B005A /* WBTableViewDelegate.h */,
				9B34C4181D8CE62B008B005A /* WBTableViewDelegate.m */,
			);
			path = PopMenuView;
			sourceTree = "<group>";
		};
		9B8B35F11D9129E8005DE55C /* MLPhotoLib */ = {
			isa = PBXGroup;
			children = (
				9B8B35F21D9129E8005DE55C /* Classes */,
				9B8B36281D9129E8005DE55C /* ThreePart */,
			);
			path = MLPhotoLib;
			sourceTree = "<group>";
		};
		9B8B35F21D9129E8005DE55C /* Classes */ = {
			isa = PBXGroup;
			children = (
				9B8B35F31D9129E8005DE55C /* Base */,
				9B8B36011D9129E8005DE55C /* MLPhotoBrowser */,
				9B8B36121D9129E8005DE55C /* MLPhotoPicker */,
			);
			path = Classes;
			sourceTree = "<group>";
		};
		9B8B35F31D9129E8005DE55C /* Base */ = {
			isa = PBXGroup;
			children = (
				9B8B35F41D9129E8005DE55C /* MLImagePickerHUD.h */,
				9B8B35F51D9129E8005DE55C /* MLImagePickerHUD.m */,
				9B8B35F61D9129E8005DE55C /* MLNavigationViewController.h */,
				9B8B35F71D9129E8005DE55C /* MLNavigationViewController.m */,
				9B8B35F81D9129E8005DE55C /* MLPhotoAsset.h */,
				9B8B35F91D9129E8005DE55C /* MLPhotoAsset.m */,
				9B8B35FA1D9129E8005DE55C /* MLPhotoKitData.h */,
				9B8B35FB1D9129E8005DE55C /* MLPhotoKitData.m */,
				9B8B35FC1D9129E8005DE55C /* MLPhotoPickerHeader.h */,
				9B8B35FD1D9129E8005DE55C /* MLPhotoPickerManager.h */,
				9B8B35FE1D9129E8005DE55C /* MLPhotoPickerManager.m */,
				9B8B35FF1D9129E8005DE55C /* MLPhotoRect.h */,
				9B8B36001D9129E8005DE55C /* MLPhotoRect.m */,
			);
			path = Base;
			sourceTree = "<group>";
		};
		9B8B36011D9129E8005DE55C /* MLPhotoBrowser */ = {
			isa = PBXGroup;
			children = (
				9B8B36021D9129E8005DE55C /* Models */,
				9B8B36051D9129E8005DE55C /* ViewController */,
				9B8B36081D9129E8005DE55C /* Views */,
			);
			path = MLPhotoBrowser;
			sourceTree = "<group>";
		};
		9B8B36021D9129E8005DE55C /* Models */ = {
			isa = PBXGroup;
			children = (
				9B8B36031D9129E8005DE55C /* MLPhoto.h */,
				9B8B36041D9129E8005DE55C /* MLPhoto.m */,
			);
			path = Models;
			sourceTree = "<group>";
		};
		9B8B36051D9129E8005DE55C /* ViewController */ = {
			isa = PBXGroup;
			children = (
				9B8B36061D9129E8005DE55C /* MLPhotoBrowserViewController.h */,
				9B8B36071D9129E8005DE55C /* MLPhotoBrowserViewController.m */,
			);
			path = ViewController;
			sourceTree = "<group>";
		};
		9B8B36081D9129E8005DE55C /* Views */ = {
			isa = PBXGroup;
			children = (
				9B8B36091D9129E8005DE55C /* MLPhotoBrowserCollectionCell.h */,
				9B8B360A1D9129E8005DE55C /* MLPhotoBrowserCollectionCell.m */,
				9B8B360C1D9129E8005DE55C /* MLPhotoPickerBrowserPhotoImageView.h */,
				9B8B360D1D9129E8005DE55C /* MLPhotoPickerBrowserPhotoImageView.m */,
				9B8B360E1D9129E8005DE55C /* MLPhotoPickerBrowserPhotoScrollView.h */,
				9B8B360F1D9129E8005DE55C /* MLPhotoPickerBrowserPhotoScrollView.m */,
				9B8B36101D9129E8005DE55C /* MLPhotoPickerBrowserPhotoView.h */,
				9B8B36111D9129E8005DE55C /* MLPhotoPickerBrowserPhotoView.m */,
			);
			path = Views;
			sourceTree = "<group>";
		};
		9B8B36121D9129E8005DE55C /* MLPhotoPicker */ = {
			isa = PBXGroup;
			children = (
				9B8B36131D9129E8005DE55C /* Model */,
				9B8B36181D9129E8005DE55C /* UIView */,
				9B8B36231D9129E8005DE55C /* UIViewController */,
			);
			path = MLPhotoPicker;
			sourceTree = "<group>";
		};
		9B8B36131D9129E8005DE55C /* Model */ = {
			isa = PBXGroup;
			children = (
				9B8B36141D9129E8005DE55C /* MLPhotoPickerAssetsManager.h */,
				9B8B36151D9129E8005DE55C /* MLPhotoPickerAssetsManager.m */,
				9B8B36161D9129E8005DE55C /* MLPhotoPickerData.h */,
				9B8B36171D9129E8005DE55C /* MLPhotoPickerData.m */,
			);
			path = Model;
			sourceTree = "<group>";
		};
		9B8B36181D9129E8005DE55C /* UIView */ = {
			isa = PBXGroup;
			children = (
				9B8B36191D9129E8005DE55C /* MLImagePickerCollectionViewCell.h */,
				9B8B361A1D9129E8005DE55C /* MLImagePickerCollectionViewCell.m */,
				9B8B361C1D9129E8005DE55C /* MLImagePickerMenuTableViewCell.h */,
				9B8B361D1D9129E8005DE55C /* MLImagePickerMenuTableViewCell.m */,
				9B8B361F1D9129E8005DE55C /* MLPhotoPickerCollectionView.h */,
				9B8B36201D9129E8005DE55C /* MLPhotoPickerCollectionView.m */,
				9B8B36211D9129E8005DE55C /* UIButton+Animation.h */,
				9B8B36221D9129E8005DE55C /* UIButton+Animation.m */,
			);
			path = UIView;
			sourceTree = "<group>";
		};
		9B8B36231D9129E8005DE55C /* UIViewController */ = {
			isa = PBXGroup;
			children = (
				9B8B36241D9129E8005DE55C /* MLImagePickerViewController+MenuTableViewDataSource.h */,
				9B8B36251D9129E8005DE55C /* MLImagePickerViewController+MenuTableViewDataSource.m */,
				9B8B36261D9129E8005DE55C /* MLImagePickerViewController.h */,
				9B8B36271D9129E8005DE55C /* MLImagePickerViewController.m */,
			);
			path = UIViewController;
			sourceTree = "<group>";
		};
		9B8B36281D9129E8005DE55C /* ThreePart */ = {
			isa = PBXGroup;
			children = (
				9B8B36291D9129E8005DE55C /* DACircularProgress */,
				9B8B362E1D9129E8005DE55C /* SDWebImage */,
			);
			path = ThreePart;
			sourceTree = "<group>";
		};
		9B8B36291D9129E8005DE55C /* DACircularProgress */ = {
			isa = PBXGroup;
			children = (
				9B8B362A1D9129E8005DE55C /* DACircularProgressView.h */,
				9B8B362B1D9129E8005DE55C /* DACircularProgressView.m */,
				9B8B362C1D9129E8005DE55C /* DALabeledCircularProgressView.h */,
				9B8B362D1D9129E8005DE55C /* DALabeledCircularProgressView.m */,
			);
			path = DACircularProgress;
			sourceTree = "<group>";
		};
		9B8B362E1D9129E8005DE55C /* SDWebImage */ = {
			isa = PBXGroup;
			children = (
				9B8B362F1D9129E8005DE55C /* NSData+ImageContentType.h */,
				9B8B36301D9129E8005DE55C /* NSData+ImageContentType.m */,
				9B8B36311D9129E8005DE55C /* SDImageCache.h */,
				9B8B36321D9129E8005DE55C /* SDImageCache.m */,
				9B8B36331D9129E8005DE55C /* SDWebImageCompat.h */,
				9B8B36341D9129E8005DE55C /* SDWebImageCompat.m */,
				9B8B36351D9129E8005DE55C /* SDWebImageDecoder.h */,
				9B8B36361D9129E8005DE55C /* SDWebImageDecoder.m */,
				9B8B36371D9129E8005DE55C /* SDWebImageDownloader.h */,
				9B8B36381D9129E8005DE55C /* SDWebImageDownloader.m */,
				9B8B36391D9129E8005DE55C /* SDWebImageDownloaderOperation.h */,
				9B8B363A1D9129E8005DE55C /* SDWebImageDownloaderOperation.m */,
				9B8B363B1D9129E8005DE55C /* SDWebImageManager.h */,
				9B8B363C1D9129E8005DE55C /* SDWebImageManager.m */,
				9B8B363D1D9129E8005DE55C /* SDWebImageOperation.h */,
				9B8B363E1D9129E8005DE55C /* SDWebImagePrefetcher.h */,
				9B8B363F1D9129E8005DE55C /* SDWebImagePrefetcher.m */,
				9B8B36401D9129E8005DE55C /* UIButton+WebCache.h */,
				9B8B36411D9129E8005DE55C /* UIButton+WebCache.m */,
				9B8B36421D9129E8005DE55C /* UIImage+GIF.h */,
				9B8B36431D9129E8005DE55C /* UIImage+GIF.m */,
				9B8B36441D9129E8005DE55C /* UIImage+MultiFormat.h */,
				9B8B36451D9129E8005DE55C /* UIImage+MultiFormat.m */,
				9B8B36461D9129E8005DE55C /* UIImageView+HighlightedWebCache.h */,
				9B8B36471D9129E8005DE55C /* UIImageView+HighlightedWebCache.m */,
				9B8B36481D9129E8005DE55C /* UIImageView+WebCache.h */,
				9B8B36491D9129E8005DE55C /* UIImageView+WebCache.m */,
				9B8B364A1D9129E8005DE55C /* UIView+WebCacheOperation.h */,
				9B8B364B1D9129E8005DE55C /* UIView+WebCacheOperation.m */,
			);
			path = SDWebImage;
			sourceTree = "<group>";
		};
		9BB1EEFD1E29E4C200F5B962 /* HClTextView */ = {
			isa = PBXGroup;
			children = (
				9BB1EEFE1E29E4C200F5B962 /* HClTextView.h */,
				9BB1EEFF1E29E4C200F5B962 /* HClTextView.m */,
			);
			path = HClTextView;
			sourceTree = "<group>";
		};
		9BB1EF011E29E88F00F5B962 /* KYGooeyMenu */ = {
			isa = PBXGroup;
			children = (
				9BB1EF021E29E88F00F5B962 /* Cross.h */,
				9BB1EF031E29E88F00F5B962 /* Cross.m */,
				9BB1EF041E29E88F00F5B962 /* KYGooeyMenu.h */,
				9BB1EF051E29E88F00F5B962 /* KYGooeyMenu.m */,
			);
			path = KYGooeyMenu;
			sourceTree = "<group>";
		};
		9BB1EF0A1E29E98D00F5B962 /* CWStarRateView */ = {
			isa = PBXGroup;
			children = (
				9BB1EF0B1E29E98D00F5B962 /* CWStarRateView.h */,
				9BB1EF0C1E29E98D00F5B962 /* CWStarRateView.m */,
			);
			path = CWStarRateView;
			sourceTree = "<group>";
		};
		9BB1EF0E1E29EBC000F5B962 /* JPVideoPlayer */ = {
			isa = PBXGroup;
			children = (
				9BB1EF0F1E29EBC000F5B962 /* JPCacheManager.h */,
				9BB1EF101E29EBC000F5B962 /* JPCacheManager.m */,
				9BB1EF111E29EBC000F5B962 /* JPDownloadManager.h */,
				9BB1EF121E29EBC000F5B962 /* JPDownloadManager.m */,
				9BB1EF131E29EBC000F5B962 /* JPVideoCachePathTool.h */,
				9BB1EF141E29EBC000F5B962 /* JPVideoCachePathTool.m */,
				9BB1EF151E29EBC000F5B962 /* JPVideoPlayer.h */,
				9BB1EF161E29EBC000F5B962 /* JPVideoPlayer.m */,
				9BB1EF171E29EBC000F5B962 /* JPVideoURLAssetResourceLoader.h */,
				9BB1EF181E29EBC000F5B962 /* JPVideoURLAssetResourceLoader.m */,
			);
			path = JPVideoPlayer;
			sourceTree = "<group>";
		};
		9BB1EF1E1E29EC1F00F5B962 /* UUChart */ = {
			isa = PBXGroup;
			children = (
				9BB1EF1F1E29EC1F00F5B962 /* UUBar.h */,
				9BB1EF201E29EC1F00F5B962 /* UUBar.m */,
				9BB1EF211E29EC1F00F5B962 /* UUBarChart.h */,
				9BB1EF221E29EC1F00F5B962 /* UUBarChart.m */,
				9BB1EF231E29EC1F00F5B962 /* UUChart.h */,
				9BB1EF241E29EC1F00F5B962 /* UUChart.m */,
				9BB1EF251E29EC1F00F5B962 /* UUChartConst.h */,
				9BB1EF261E29EC1F00F5B962 /* UUChartConst.m */,
				9BB1EF271E29EC1F00F5B962 /* UUChartLabel.h */,
				9BB1EF281E29EC1F00F5B962 /* UUChartLabel.m */,
				9BB1EF291E29EC1F00F5B962 /* UULineChart.h */,
				9BB1EF2A1E29EC1F00F5B962 /* UULineChart.m */,
			);
			path = UUChart;
			sourceTree = "<group>";
		};
		9BB1EF311E29EC3300F5B962 /* MSSBrowse */ = {
			isa = PBXGroup;
			children = (
				9BB1EF321E29EC3300F5B962 /* MSSBrowseActionSheet.h */,
				9BB1EF331E29EC3300F5B962 /* MSSBrowseActionSheet.m */,
				9BB1EF341E29EC3300F5B962 /* MSSBrowseActionSheetCell.h */,
				9BB1EF351E29EC3300F5B962 /* MSSBrowseActionSheetCell.m */,
				9BB1EF361E29EC3300F5B962 /* MSSBrowseBaseViewController.h */,
				9BB1EF371E29EC3300F5B962 /* MSSBrowseBaseViewController.m */,
				9BB1EF381E29EC3300F5B962 /* MSSBrowseCollectionViewCell.h */,
				9BB1EF391E29EC3300F5B962 /* MSSBrowseCollectionViewCell.m */,
				9BB1EF3A1E29EC3300F5B962 /* MSSBrowseDefine.h */,
				9BB1EF3B1E29EC3300F5B962 /* MSSBrowseLoadingImageView.h */,
				9BB1EF3C1E29EC3300F5B962 /* MSSBrowseLoadingImageView.m */,
				9BB1EF3D1E29EC3300F5B962 /* MSSBrowseLocalViewController.h */,
				9BB1EF3E1E29EC3300F5B962 /* MSSBrowseLocalViewController.m */,
				9BB1EF3F1E29EC3300F5B962 /* MSSBrowseModel.h */,
				9BB1EF401E29EC3300F5B962 /* MSSBrowseModel.m */,
				9BB1EF411E29EC3300F5B962 /* MSSBrowseNetworkViewController.h */,
				9BB1EF421E29EC3300F5B962 /* MSSBrowseNetworkViewController.m */,
				9BB1EF431E29EC3300F5B962 /* MSSBrowseRemindView.h */,
				9BB1EF441E29EC3300F5B962 /* MSSBrowseRemindView.m */,
				9BB1EF451E29EC3300F5B962 /* MSSBrowseZoomScrollView.h */,
				9BB1EF461E29EC3300F5B962 /* MSSBrowseZoomScrollView.m */,
				9BB1EF471E29EC3300F5B962 /* UIImage+MSSScale.h */,
				9BB1EF481E29EC3300F5B962 /* UIImage+MSSScale.m */,
				9BB1EF491E29EC3300F5B962 /* UIView+MSSLayout.h */,
				9BB1EF4A1E29EC3300F5B962 /* UIView+MSSLayout.m */,
			);
			path = MSSBrowse;
			sourceTree = "<group>";
		};
		F64C7D38C2997DD12DF6FB89 /* Frameworks */ = {
			isa = PBXGroup;
			children = (
				9B1D588B1E298ED100803234 /* CoreGraphics.framework */,
				9B1D58891E298EA300803234 /* Foundation.framework */,
				062F7F1A14799916CB5C2F14 /* libPods-NRShopSugerLib.a */,
			);
			name = Frameworks;
			sourceTree = "<group>";
		};
/* End PBXGroup section */

/* Begin PBXNativeTarget section */
		91471A951D634A7D006067C8 /* NRShopSugerLib */ = {
			isa = PBXNativeTarget;
			buildConfigurationList = 91471AAD1D634A7D006067C8 /* Build configuration list for PBXNativeTarget "NRShopSugerLib" */;
			buildPhases = (
				7D990A3781B8D459E95DC9C5 /* [CP] Check Pods Manifest.lock */,
				91471A921D634A7D006067C8 /* Sources */,
				91471A931D634A7D006067C8 /* Frameworks */,
				91471A941D634A7D006067C8 /* Resources */,
				ACD37163AFEE3152225AF4B8 /* [CP] Embed Pods Frameworks */,
				70EB3741C6C6862275A9542A /* [CP] Copy Pods Resources */,
			);
			buildRules = (
			);
			dependencies = (
			);
			name = NRShopSugerLib;
			productName = NRShopSugerLib;
			productReference = 91471A961D634A7D006067C8 /* NRShopSugerLib.app */;
			productType = "com.apple.product-type.application";
		};
/* End PBXNativeTarget section */

/* Begin PBXProject section */
		91471A8E1D634A7D006067C8 /* Project object */ = {
			isa = PBXProject;
			attributes = {
				LastUpgradeCheck = 0730;
				ORGANIZATIONNAME = "NutritionRite Co.,Ltd.";
				TargetAttributes = {
					91471A951D634A7D006067C8 = {
						CreatedOnToolsVersion = 7.3.1;
					};
				};
			};
			buildConfigurationList = 91471A911D634A7D006067C8 /* Build configuration list for PBXProject "NRShopSugerLib" */;
			compatibilityVersion = "Xcode 3.2";
			developmentRegion = English;
			hasScannedForEncodings = 0;
			knownRegions = (
				en,
				Base,
			);
			mainGroup = 91471A8D1D634A7D006067C8;
			productRefGroup = 91471A971D634A7D006067C8 /* Products */;
			projectDirPath = "";
			projectRoot = "";
			targets = (
				91471A951D634A7D006067C8 /* NRShopSugerLib */,
			);
		};
/* End PBXProject section */

/* Begin PBXResourcesBuildPhase section */
		91471A941D634A7D006067C8 /* Resources */ = {
			isa = PBXResourcesBuildPhase;
			buildActionMask = 2147483647;
			files = (
				91471AA91D634A7D006067C8 /* LaunchScreen.storyboard in Resources */,
				91471AB11D634AE3006067C8 /* NRShopSugerLib.podspec in Resources */,
				9B8B36741D9129FB005DE55C /* MLImagePickerController.bundle in Resources */,
				9BBAAADD1D913621007F82FC /* MLImagePickerMenuTableViewCell.xib in Resources */,
				91471AA61D634A7D006067C8 /* Assets.xcassets in Resources */,
				91471AA41D634A7D006067C8 /* Main.storyboard in Resources */,
				9BBAAADE1D913621007F82FC /* MLPhotoBrowserCollectionCell.xib in Resources */,
				9BBAAADC1D913621007F82FC /* MLImagePickerCollectionViewCell.xib in Resources */,
				91471AB81D634FE0006067C8 /* NRShopSugerLib.storyboard in Resources */,
				9BDA91881E29E3EE00D8149A /* HCIResouce.bundle in Resources */,
				9B34C4071D8CE58D008B005A /* CYPasswordView.bundle in Resources */,
				9BB1EF091E29E97400F5B962 /* CWStarRateView.bundle in Resources */,
				9BDA91891E29E3EE00D8149A /* HClTextView.xib in Resources */,
			);
			runOnlyForDeploymentPostprocessing = 0;
		};
/* End PBXResourcesBuildPhase section */

/* Begin PBXShellScriptBuildPhase section */
		70EB3741C6C6862275A9542A /* [CP] Copy Pods Resources */ = {
			isa = PBXShellScriptBuildPhase;
			buildActionMask = 2147483647;
			files = (
			);
			inputPaths = (
			);
			name = "[CP] Copy Pods Resources";
			outputPaths = (
			);
			runOnlyForDeploymentPostprocessing = 0;
			shellPath = /bin/sh;
			shellScript = "\"${SRCROOT}/Pods/Target Support Files/Pods-NRShopSugerLib/Pods-NRShopSugerLib-resources.sh\"\n";
			showEnvVarsInLog = 0;
		};
		7D990A3781B8D459E95DC9C5 /* [CP] Check Pods Manifest.lock */ = {
			isa = PBXShellScriptBuildPhase;
			buildActionMask = 2147483647;
			files = (
			);
			inputPaths = (
			);
			name = "[CP] Check Pods Manifest.lock";
			outputPaths = (
			);
			runOnlyForDeploymentPostprocessing = 0;
			shellPath = /bin/sh;
			shellScript = "diff \"${PODS_ROOT}/../Podfile.lock\" \"${PODS_ROOT}/Manifest.lock\" > /dev/null\nif [ $? != 0 ] ; then\n    # print error to STDERR\n    echo \"error: The sandbox is not in sync with the Podfile.lock. Run 'pod install' or update your CocoaPods installation.\" >&2\n    exit 1\nfi\n";
			showEnvVarsInLog = 0;
		};
		ACD37163AFEE3152225AF4B8 /* [CP] Embed Pods Frameworks */ = {
			isa = PBXShellScriptBuildPhase;
			buildActionMask = 2147483647;
			files = (
			);
			inputPaths = (
			);
			name = "[CP] Embed Pods Frameworks";
			outputPaths = (
			);
			runOnlyForDeploymentPostprocessing = 0;
			shellPath = /bin/sh;
			shellScript = "\"${SRCROOT}/Pods/Target Support Files/Pods-NRShopSugerLib/Pods-NRShopSugerLib-frameworks.sh\"\n";
			showEnvVarsInLog = 0;
		};
/* End PBXShellScriptBuildPhase section */

/* Begin PBXSourcesBuildPhase section */
		91471A921D634A7D006067C8 /* Sources */ = {
			isa = PBXSourcesBuildPhase;
			buildActionMask = 2147483647;
			files = (
				9B8B366D1D9129E8005DE55C /* UIButton+WebCache.m in Sources */,
				9BB1EF511E29EC3300F5B962 /* MSSBrowseModel.m in Sources */,
				9B34C4111D8CE622008B005A /* UILabel+CustomAdd.m in Sources */,
				9B8B36521D9129E8005DE55C /* MLPhoto.m in Sources */,
				9B8B365D1D9129E8005DE55C /* MLImagePickerMenuTableViewCell.m in Sources */,
				9B8B36581D9129E8005DE55C /* MLPhotoPickerBrowserPhotoView.m in Sources */,
				9B1D58A71E29A64C00803234 /* YYTextLayout+CustomAdd.m in Sources */,
				9B8B36601D9129E8005DE55C /* UIButton+Animation.m in Sources */,
				9BB1EF551E29EC3300F5B962 /* UIImage+MSSScale.m in Sources */,
				9B8B36651D9129E8005DE55C /* NSData+ImageContentType.m in Sources */,
				9B8B364E1D9129E8005DE55C /* MLPhotoAsset.m in Sources */,
				9916454A1D6C4E27009EC7AE /* UIButton+CustomAdd.m in Sources */,
				9B34C4191D8CE62B008B005A /* WBPopMenuView.m in Sources */,
				9B8B36531D9129E8005DE55C /* MLPhotoBrowserViewController.m in Sources */,
				9BB1EF521E29EC3300F5B962 /* MSSBrowseNetworkViewController.m in Sources */,
				9BB1EF061E29E88F00F5B962 /* Cross.m in Sources */,
				997FFA7F1D6D42680028C221 /* MBTIMgrTextField.m in Sources */,
				9BB1EF541E29EC3300F5B962 /* MSSBrowseZoomScrollView.m in Sources */,
				9BB1EF561E29EC3300F5B962 /* UIView+MSSLayout.m in Sources */,
				9B8B36611D9129E8005DE55C /* MLImagePickerViewController+MenuTableViewDataSource.m in Sources */,
				9BB1EF1D1E29EBC000F5B962 /* JPVideoURLAssetResourceLoader.m in Sources */,
				9B8B36671D9129E8005DE55C /* SDWebImageCompat.m in Sources */,
				9BB1EF531E29EC3300F5B962 /* MSSBrowseRemindView.m in Sources */,
				9B8B366B1D9129E8005DE55C /* SDWebImageManager.m in Sources */,
				9B34C4041D8CE56B008B005A /* CYPasswordView.m in Sources */,
				9BB1EF4F1E29EC3300F5B962 /* MSSBrowseLoadingImageView.m in Sources */,
				9BB1EF1C1E29EBC000F5B962 /* JPVideoPlayer.m in Sources */,
				9B8B36721D9129E8005DE55C /* UIView+WebCacheOperation.m in Sources */,
				9BB1EF2F1E29EC1F00F5B962 /* UUChartLabel.m in Sources */,
				9BB1EF2B1E29EC1F00F5B962 /* UUBar.m in Sources */,
				9B8B36661D9129E8005DE55C /* SDImageCache.m in Sources */,
				9B8B365A1D9129E8005DE55C /* MLPhotoPickerData.m in Sources */,
				9B8B36681D9129E8005DE55C /* SDWebImageDecoder.m in Sources */,
				9B8B36621D9129E8005DE55C /* MLImagePickerViewController.m in Sources */,
				9BB1EF2D1E29EC1F00F5B962 /* UUChart.m in Sources */,
				9B8B364F1D9129E8005DE55C /* MLPhotoKitData.m in Sources */,
				9BB1EF4C1E29EC3300F5B962 /* MSSBrowseActionSheetCell.m in Sources */,
				9B8B36691D9129E8005DE55C /* SDWebImageDownloader.m in Sources */,
				9B8B365B1D9129E8005DE55C /* MLImagePickerCollectionViewCell.m in Sources */,
				9BB1EF1B1E29EBC000F5B962 /* JPVideoCachePathTool.m in Sources */,
				9BB1EF301E29EC1F00F5B962 /* UULineChart.m in Sources */,
				9B34C41A1D8CE62B008B005A /* WBTableViewDataSource.m in Sources */,
				9B8B36541D9129E8005DE55C /* MLPhotoBrowserCollectionCell.m in Sources */,
				9B8B366F1D9129E8005DE55C /* UIImage+MultiFormat.m in Sources */,
				9B34C40E1D8CE5FE008B005A /* NSDate+CustomAdd.m in Sources */,
				9B8B36511D9129E8005DE55C /* MLPhotoRect.m in Sources */,
				9BB1EF501E29EC3300F5B962 /* MSSBrowseLocalViewController.m in Sources */,
				9B8B364D1D9129E8005DE55C /* MLNavigationViewController.m in Sources */,
				9BB1EF071E29E88F00F5B962 /* KYGooeyMenu.m in Sources */,
				9BB1EF4E1E29EC3300F5B962 /* MSSBrowseCollectionViewCell.m in Sources */,
				9BB1EF191E29EBC000F5B962 /* JPCacheManager.m in Sources */,
				9B34C40B1D8CE5AD008B005A /* JSWave.m in Sources */,
				99DCD47C1D712813001205D1 /* NSObject+CustomAdd.m in Sources */,
				9B8B36591D9129E8005DE55C /* MLPhotoPickerAssetsManager.m in Sources */,
				9BB1EF0D1E29E98D00F5B962 /* CWStarRateView.m in Sources */,
				91471AA11D634A7D006067C8 /* ViewController.m in Sources */,
				9B8B36631D9129E8005DE55C /* DACircularProgressView.m in Sources */,
				9B34C4021D8CE56B008B005A /* CYPasswordInputView.m in Sources */,
				9B8B366C1D9129E8005DE55C /* SDWebImagePrefetcher.m in Sources */,
				9B1D58A41E29A64C00803234 /* UIImage+CustomAdd.m in Sources */,
				9B8B36571D9129E8005DE55C /* MLPhotoPickerBrowserPhotoScrollView.m in Sources */,
				9B34C41B1D8CE62B008B005A /* WBTableViewDelegate.m in Sources */,
				9B8B36701D9129E8005DE55C /* UIImageView+HighlightedWebCache.m in Sources */,
				9B8B36641D9129E8005DE55C /* DALabeledCircularProgressView.m in Sources */,
				9B1D58A51E29A64C00803234 /* UIScrollView+CustomAdd.m in Sources */,
				9BB1EF4B1E29EC3300F5B962 /* MSSBrowseActionSheet.m in Sources */,
				9B8B366E1D9129E8005DE55C /* UIImage+GIF.m in Sources */,
				9B34C4051D8CE56B008B005A /* UIView+Extension.m in Sources */,
				91471A9E1D634A7D006067C8 /* AppDelegate.m in Sources */,
				9B8B36711D9129E8005DE55C /* UIImageView+WebCache.m in Sources */,
				9B8B36501D9129E8005DE55C /* MLPhotoPickerManager.m in Sources */,
				9B34C4011D8CE56B008B005A /* CYConst.m in Sources */,
				9B1D58A61E29A64C00803234 /* UIViewController+KeyboardAnimation.m in Sources */,
				9BB1EF2C1E29EC1F00F5B962 /* UUBarChart.m in Sources */,
				91471A9B1D634A7D006067C8 /* main.m in Sources */,
				9BB1EF001E29E4C200F5B962 /* HClTextView.m in Sources */,
				9BB1EF4D1E29EC3300F5B962 /* MSSBrowseBaseViewController.m in Sources */,
				9B8B366A1D9129E8005DE55C /* SDWebImageDownloaderOperation.m in Sources */,
				9B8B36561D9129E8005DE55C /* MLPhotoPickerBrowserPhotoImageView.m in Sources */,
				9BB1EF1A1E29EBC000F5B962 /* JPDownloadManager.m in Sources */,
				9B8B365F1D9129E8005DE55C /* MLPhotoPickerCollectionView.m in Sources */,
				9B8B364C1D9129E8005DE55C /* MLImagePickerHUD.m in Sources */,
				997FFA7B1D6D41770028C221 /* NSString+CustomValid.m in Sources */,
				9BB1EF2E1E29EC1F00F5B962 /* UUChartConst.m in Sources */,
				991646571D6C50BA009EC7AE /* ZBannerView.m in Sources */,
			);
			runOnlyForDeploymentPostprocessing = 0;
		};
/* End PBXSourcesBuildPhase section */

/* Begin PBXVariantGroup section */
		91471AA21D634A7D006067C8 /* Main.storyboard */ = {
			isa = PBXVariantGroup;
			children = (
				91471AA31D634A7D006067C8 /* Base */,
			);
			name = Main.storyboard;
			sourceTree = "<group>";
		};
		91471AA71D634A7D006067C8 /* LaunchScreen.storyboard */ = {
			isa = PBXVariantGroup;
			children = (
				91471AA81D634A7D006067C8 /* Base */,
			);
			name = LaunchScreen.storyboard;
			sourceTree = "<group>";
		};
/* End PBXVariantGroup section */

/* Begin XCBuildConfiguration section */
		91471AAB1D634A7D006067C8 /* Debug */ = {
			isa = XCBuildConfiguration;
			buildSettings = {
				ALWAYS_SEARCH_USER_PATHS = NO;
				CLANG_ANALYZER_NONNULL = YES;
				CLANG_CXX_LANGUAGE_STANDARD = "gnu++0x";
				CLANG_CXX_LIBRARY = "libc++";
				CLANG_ENABLE_MODULES = YES;
				CLANG_ENABLE_OBJC_ARC = YES;
				CLANG_WARN_BOOL_CONVERSION = YES;
				CLANG_WARN_CONSTANT_CONVERSION = YES;
				CLANG_WARN_DIRECT_OBJC_ISA_USAGE = YES_ERROR;
				CLANG_WARN_EMPTY_BODY = YES;
				CLANG_WARN_ENUM_CONVERSION = YES;
				CLANG_WARN_INT_CONVERSION = YES;
				CLANG_WARN_OBJC_ROOT_CLASS = YES_ERROR;
				CLANG_WARN_UNREACHABLE_CODE = YES;
				CLANG_WARN__DUPLICATE_METHOD_MATCH = YES;
				"CODE_SIGN_IDENTITY[sdk=iphoneos*]" = "iPhone Developer";
				COPY_PHASE_STRIP = NO;
				DEBUG_INFORMATION_FORMAT = dwarf;
				ENABLE_STRICT_OBJC_MSGSEND = YES;
				ENABLE_TESTABILITY = YES;
				GCC_C_LANGUAGE_STANDARD = gnu99;
				GCC_DYNAMIC_NO_PIC = NO;
				GCC_NO_COMMON_BLOCKS = YES;
				GCC_OPTIMIZATION_LEVEL = 0;
				GCC_PREPROCESSOR_DEFINITIONS = (
					"DEBUG=1",
					"$(inherited)",
				);
				GCC_WARN_64_TO_32_BIT_CONVERSION = YES;
				GCC_WARN_ABOUT_RETURN_TYPE = YES_ERROR;
				GCC_WARN_UNDECLARED_SELECTOR = YES;
				GCC_WARN_UNINITIALIZED_AUTOS = YES_AGGRESSIVE;
				GCC_WARN_UNUSED_FUNCTION = YES;
				GCC_WARN_UNUSED_VARIABLE = YES;
				IPHONEOS_DEPLOYMENT_TARGET = 9.3;
				MTL_ENABLE_DEBUG_INFO = YES;
				ONLY_ACTIVE_ARCH = YES;
				SDKROOT = iphoneos;
			};
			name = Debug;
		};
		91471AAC1D634A7D006067C8 /* Release */ = {
			isa = XCBuildConfiguration;
			buildSettings = {
				ALWAYS_SEARCH_USER_PATHS = NO;
				CLANG_ANALYZER_NONNULL = YES;
				CLANG_CXX_LANGUAGE_STANDARD = "gnu++0x";
				CLANG_CXX_LIBRARY = "libc++";
				CLANG_ENABLE_MODULES = YES;
				CLANG_ENABLE_OBJC_ARC = YES;
				CLANG_WARN_BOOL_CONVERSION = YES;
				CLANG_WARN_CONSTANT_CONVERSION = YES;
				CLANG_WARN_DIRECT_OBJC_ISA_USAGE = YES_ERROR;
				CLANG_WARN_EMPTY_BODY = YES;
				CLANG_WARN_ENUM_CONVERSION = YES;
				CLANG_WARN_INT_CONVERSION = YES;
				CLANG_WARN_OBJC_ROOT_CLASS = YES_ERROR;
				CLANG_WARN_UNREACHABLE_CODE = YES;
				CLANG_WARN__DUPLICATE_METHOD_MATCH = YES;
				"CODE_SIGN_IDENTITY[sdk=iphoneos*]" = "iPhone Developer";
				COPY_PHASE_STRIP = NO;
				DEBUG_INFORMATION_FORMAT = "dwarf-with-dsym";
				ENABLE_NS_ASSERTIONS = NO;
				ENABLE_STRICT_OBJC_MSGSEND = YES;
				GCC_C_LANGUAGE_STANDARD = gnu99;
				GCC_NO_COMMON_BLOCKS = YES;
				GCC_WARN_64_TO_32_BIT_CONVERSION = YES;
				GCC_WARN_ABOUT_RETURN_TYPE = YES_ERROR;
				GCC_WARN_UNDECLARED_SELECTOR = YES;
				GCC_WARN_UNINITIALIZED_AUTOS = YES_AGGRESSIVE;
				GCC_WARN_UNUSED_FUNCTION = YES;
				GCC_WARN_UNUSED_VARIABLE = YES;
				IPHONEOS_DEPLOYMENT_TARGET = 9.3;
				MTL_ENABLE_DEBUG_INFO = NO;
				SDKROOT = iphoneos;
				VALIDATE_PRODUCT = YES;
			};
			name = Release;
		};
		91471AAE1D634A7D006067C8 /* Debug */ = {
			isa = XCBuildConfiguration;
			baseConfigurationReference = 42865E393FDC1653A43AEC36 /* Pods-NRShopSugerLib.debug.xcconfig */;
			buildSettings = {
				ASSETCATALOG_COMPILER_APPICON_NAME = AppIcon;
				ASSETCATALOG_COMPILER_LAUNCHIMAGE_NAME = "Brand Assets";
				CODE_SIGN_IDENTITY = "iPhone Developer";
				"CODE_SIGN_IDENTITY[sdk=iphoneos*]" = "iPhone Developer";
				INFOPLIST_FILE = NRShopSugerLib/Info.plist;
				IPHONEOS_DEPLOYMENT_TARGET = 8.0;
				LD_RUNPATH_SEARCH_PATHS = "$(inherited) @executable_path/Frameworks";
				PRODUCT_BUNDLE_IDENTIFIER = com.NutritionRite.NRShopSugerLib;
				PRODUCT_NAME = "$(TARGET_NAME)";
				PROVISIONING_PROFILE = "";
			};
			name = Debug;
		};
		91471AAF1D634A7D006067C8 /* Release */ = {
			isa = XCBuildConfiguration;
			baseConfigurationReference = EED081F642A63F2AEABE5496 /* Pods-NRShopSugerLib.release.xcconfig */;
			buildSettings = {
				ASSETCATALOG_COMPILER_APPICON_NAME = AppIcon;
				ASSETCATALOG_COMPILER_LAUNCHIMAGE_NAME = "Brand Assets";
				CODE_SIGN_IDENTITY = "iPhone Developer";
				"CODE_SIGN_IDENTITY[sdk=iphoneos*]" = "iPhone Developer";
				INFOPLIST_FILE = NRShopSugerLib/Info.plist;
				IPHONEOS_DEPLOYMENT_TARGET = 8.0;
				LD_RUNPATH_SEARCH_PATHS = "$(inherited) @executable_path/Frameworks";
				PRODUCT_BUNDLE_IDENTIFIER = com.NutritionRite.NRShopSugerLib;
				PRODUCT_NAME = "$(TARGET_NAME)";
				PROVISIONING_PROFILE = "";
			};
			name = Release;
		};
/* End XCBuildConfiguration section */

/* Begin XCConfigurationList section */
		91471A911D634A7D006067C8 /* Build configuration list for PBXProject "NRShopSugerLib" */ = {
			isa = XCConfigurationList;
			buildConfigurations = (
				91471AAB1D634A7D006067C8 /* Debug */,
				91471AAC1D634A7D006067C8 /* Release */,
			);
			defaultConfigurationIsVisible = 0;
			defaultConfigurationName = Release;
		};
		91471AAD1D634A7D006067C8 /* Build configuration list for PBXNativeTarget "NRShopSugerLib" */ = {
			isa = XCConfigurationList;
			buildConfigurations = (
				91471AAE1D634A7D006067C8 /* Debug */,
				91471AAF1D634A7D006067C8 /* Release */,
			);
			defaultConfigurationIsVisible = 0;
			defaultConfigurationName = Release;
		};
/* End XCConfigurationList section */
	};
	rootObject = 91471A8E1D634A7D006067C8 /* Project object */;
}
